// !$*UTF8*$!
{
	archiveVersion = 1;
	classes = {
	};
	objectVersion = 52;
	objects = {

/* Begin PBXBuildFile section */
		E2029FFA25FB9E3300490043 /* ReviewHelper.swift in Sources */ = {isa = PBXBuildFile; fileRef = E2029FF925FB9E3300490043 /* ReviewHelper.swift */; };
		E203CBBE27F090C400651CEC /* ListView.swift in Sources */ = {isa = PBXBuildFile; fileRef = E203CBBD27F090C400651CEC /* ListView.swift */; };
		E20BD7792754057200671478 /* ConditionalHiddenModifier.swift in Sources */ = {isa = PBXBuildFile; fileRef = E20BD7782754057200671478 /* ConditionalHiddenModifier.swift */; };
		E20F8A7926D18CF10016E2C7 /* InlineNavBarTitleDisplayMode.swift in Sources */ = {isa = PBXBuildFile; fileRef = E20F8A7826D18CF10016E2C7 /* InlineNavBarTitleDisplayMode.swift */; };
		E20F8A8026D19C510016E2C7 /* WidgetKit.framework in Frameworks */ = {isa = PBXBuildFile; fileRef = E20F8A7F26D19C510016E2C7 /* WidgetKit.framework */; };
		E20F8A8226D19C510016E2C7 /* SwiftUI.framework in Frameworks */ = {isa = PBXBuildFile; fileRef = E20F8A8126D19C510016E2C7 /* SwiftUI.framework */; };
		E20F8A8526D19C510016E2C7 /* SimplistsWidget.swift in Sources */ = {isa = PBXBuildFile; fileRef = E20F8A8426D19C510016E2C7 /* SimplistsWidget.swift */; };
		E20F8A8826D19C540016E2C7 /* Assets.xcassets in Resources */ = {isa = PBXBuildFile; fileRef = E20F8A8726D19C540016E2C7 /* Assets.xcassets */; };
		E20F8A8E26D19C540016E2C7 /* SimplistsWidgetExtension.appex in Embed App Extensions */ = {isa = PBXBuildFile; fileRef = E20F8A7E26D19C510016E2C7 /* SimplistsWidgetExtension.appex */; settings = {ATTRIBUTES = (RemoveHeadersOnCopy, ); }; };
		E21123DB2504420700B3D76D /* PrivacyPolicyView.swift in Sources */ = {isa = PBXBuildFile; fileRef = E21123DA2504420700B3D76D /* PrivacyPolicyView.swift */; };
		E21123DD2504441900B3D76D /* AboutView.swift in Sources */ = {isa = PBXBuildFile; fileRef = E21123DC2504441900B3D76D /* AboutView.swift */; };
		E218230C25605F0200CAA92C /* String+Extensions.swift in Sources */ = {isa = PBXBuildFile; fileRef = E218230B25605F0200CAA92C /* String+Extensions.swift */; };
		E218242B26D0325D00425947 /* SelectAllView.swift in Sources */ = {isa = PBXBuildFile; fileRef = E218242A26D0325D00425947 /* SelectAllView.swift */; };
		E21B627927E4B3A500A427CC /* Localizable.stringsdict in Resources */ = {isa = PBXBuildFile; fileRef = E21B627827E4B3A500A427CC /* Localizable.stringsdict */; };
		E21B627A27E4B4D000A427CC /* String+Extensions.swift in Sources */ = {isa = PBXBuildFile; fileRef = E218230B25605F0200CAA92C /* String+Extensions.swift */; };
		E22077C725AB941800866341 /* Localizable.stringsdict in Resources */ = {isa = PBXBuildFile; fileRef = E22077C925AB941800866341 /* Localizable.stringsdict */; };
		E228228825D09CAA009F4877 /* PrivacyPolicyParagraphView.swift in Sources */ = {isa = PBXBuildFile; fileRef = E228228725D09CAA009F4877 /* PrivacyPolicyParagraphView.swift */; };
		E22C615D255432710004B561 /* ArchivedListsView.swift in Sources */ = {isa = PBXBuildFile; fileRef = E22C615C255432710004B561 /* ArchivedListsView.swift */; };
		E22E152024E05BBC002A140E /* SMPList.swift in Sources */ = {isa = PBXBuildFile; fileRef = E22E151F24E05BBC002A140E /* SMPList.swift */; };
		E22E152324E060C2002A140E /* HomeView.swift in Sources */ = {isa = PBXBuildFile; fileRef = E22E152224E060C2002A140E /* HomeView.swift */; };
		E22E152A24E0769E002A140E /* WatchHomeView.swift in Sources */ = {isa = PBXBuildFile; fileRef = E22E152924E0769E002A140E /* WatchHomeView.swift */; };
		E22E152C24E0809F002A140E /* SMP+CoreData.swift in Sources */ = {isa = PBXBuildFile; fileRef = E22E152B24E0809F002A140E /* SMP+CoreData.swift */; };
		E22E153024E0871D002A140E /* SMPPersistentContainer.swift in Sources */ = {isa = PBXBuildFile; fileRef = E22E152F24E0871D002A140E /* SMPPersistentContainer.swift */; };
		E235D79324DF5B59007D95BE /* AppDelegate.swift in Sources */ = {isa = PBXBuildFile; fileRef = E235D79224DF5B59007D95BE /* AppDelegate.swift */; };
		E235D79524DF5B59007D95BE /* SceneDelegate.swift in Sources */ = {isa = PBXBuildFile; fileRef = E235D79424DF5B59007D95BE /* SceneDelegate.swift */; };
		E235D79924DF5B5A007D95BE /* Assets.xcassets in Resources */ = {isa = PBXBuildFile; fileRef = E235D79824DF5B5A007D95BE /* Assets.xcassets */; };
		E235D79C24DF5B5A007D95BE /* PreviewAssets.xcassets in Resources */ = {isa = PBXBuildFile; fileRef = E235D79B24DF5B5A007D95BE /* PreviewAssets.xcassets */; };
		E235D79F24DF5B5A007D95BE /* LaunchScreen.storyboard in Resources */ = {isa = PBXBuildFile; fileRef = E235D79D24DF5B5A007D95BE /* LaunchScreen.storyboard */; };
		E235D7AC24DF5B88007D95BE /* Interface.storyboard in Resources */ = {isa = PBXBuildFile; fileRef = E235D7AA24DF5B88007D95BE /* Interface.storyboard */; };
		E235D7AE24DF5B89007D95BE /* Assets.xcassets in Resources */ = {isa = PBXBuildFile; fileRef = E235D7AD24DF5B89007D95BE /* Assets.xcassets */; };
		E235D7B524DF5B89007D95BE /* WatchApp Extension.appex in Embed App Extensions */ = {isa = PBXBuildFile; fileRef = E235D7B424DF5B89007D95BE /* WatchApp Extension.appex */; settings = {ATTRIBUTES = (RemoveHeadersOnCopy, ); }; };
		E235D7BA24DF5B89007D95BE /* HostingController.swift in Sources */ = {isa = PBXBuildFile; fileRef = E235D7B924DF5B89007D95BE /* HostingController.swift */; };
		E235D7BC24DF5B89007D95BE /* WatchListView.swift in Sources */ = {isa = PBXBuildFile; fileRef = E235D7BB24DF5B89007D95BE /* WatchListView.swift */; };
		E235D7BE24DF5B89007D95BE /* ExtensionDelegate.swift in Sources */ = {isa = PBXBuildFile; fileRef = E235D7BD24DF5B89007D95BE /* ExtensionDelegate.swift */; };
		E235D7C424DF5B89007D95BE /* ComplicationController.swift in Sources */ = {isa = PBXBuildFile; fileRef = E235D7C324DF5B89007D95BE /* ComplicationController.swift */; };
		E235D7C624DF5B89007D95BE /* Assets.xcassets in Resources */ = {isa = PBXBuildFile; fileRef = E235D7C524DF5B89007D95BE /* Assets.xcassets */; };
		E235D7C924DF5B89007D95BE /* Preview Assets.xcassets in Resources */ = {isa = PBXBuildFile; fileRef = E235D7C824DF5B89007D95BE /* Preview Assets.xcassets */; };
		E235D7CE24DF5B89007D95BE /* WatchApp.app in Embed Watch Content */ = {isa = PBXBuildFile; fileRef = E235D7A824DF5B88007D95BE /* WatchApp.app */; platformFilter = ios; settings = {ATTRIBUTES = (RemoveHeadersOnCopy, ); }; };
		E235D7DA24E0372D007D95BE /* CloudKit.framework in Frameworks */ = {isa = PBXBuildFile; fileRef = E235D7D924E0372D007D95BE /* CloudKit.framework */; };
		E235D7DD24E0374D007D95BE /* CloudKit.framework in Frameworks */ = {isa = PBXBuildFile; fileRef = E235D7DC24E0374D007D95BE /* CloudKit.framework */; };
		E235D7E724E037B9007D95BE /* SimplistsKit.h in Headers */ = {isa = PBXBuildFile; fileRef = E235D7E524E037B9007D95BE /* SimplistsKit.h */; settings = {ATTRIBUTES = (Public, ); }; };
		E235D7EA24E037B9007D95BE /* SimplistsKit.framework in Frameworks */ = {isa = PBXBuildFile; fileRef = E235D7E324E037B9007D95BE /* SimplistsKit.framework */; };
		E235D7EB24E037B9007D95BE /* SimplistsKit.framework in Embed Frameworks */ = {isa = PBXBuildFile; fileRef = E235D7E324E037B9007D95BE /* SimplistsKit.framework */; settings = {ATTRIBUTES = (CodeSignOnCopy, RemoveHeadersOnCopy, ); }; };
		E235D7F424E046D7007D95BE /* SMPStorage.swift in Sources */ = {isa = PBXBuildFile; fileRef = E235D7F324E046D7007D95BE /* SMPStorage.swift */; };
		E235D7FA24E04C3F007D95BE /* WatchListItemView.swift in Sources */ = {isa = PBXBuildFile; fileRef = E235D7F924E04C3F007D95BE /* WatchListItemView.swift */; };
		E235D7FC24E04CC1007D95BE /* SMPListItem.swift in Sources */ = {isa = PBXBuildFile; fileRef = E235D7FB24E04CC1007D95BE /* SMPListItem.swift */; };
		E23925B726A460BE00C59053 /* ListRowView.swift in Sources */ = {isa = PBXBuildFile; fileRef = E23925B626A460BE00C59053 /* ListRowView.swift */; };
		E241A046258FBA7D000277BE /* StoreView.swift in Sources */ = {isa = PBXBuildFile; fileRef = E241A045258FBA7D000277BE /* StoreView.swift */; };
		E24FACA4251CEC7C002B0B97 /* WatchAuthenticationErrorView.swift in Sources */ = {isa = PBXBuildFile; fileRef = E24FACA3251CEC7C002B0B97 /* WatchAuthenticationErrorView.swift */; };
		E250E1B0269B2B6C00860DEC /* RenameListView.swift in Sources */ = {isa = PBXBuildFile; fileRef = E250E1AC269B2B6C00860DEC /* RenameListView.swift */; };
		E250E1B1269B2B6C00860DEC /* ListView.swift in Sources */ = {isa = PBXBuildFile; fileRef = E250E1AD269B2B6C00860DEC /* ListView.swift */; };
		E250E1B2269B2B6C00860DEC /* MoveToListView.swift in Sources */ = {isa = PBXBuildFile; fileRef = E250E1AE269B2B6C00860DEC /* MoveToListView.swift */; };
		E250E1B3269B2B6C00860DEC /* ItemView.swift in Sources */ = {isa = PBXBuildFile; fileRef = E250E1AF269B2B6C00860DEC /* ItemView.swift */; };
		E252C78227D53BEE00B29F6A /* Intents.framework in Frameworks */ = {isa = PBXBuildFile; fileRef = E252C78127D53BEE00B29F6A /* Intents.framework */; };
		E252C78527D53BEE00B29F6A /* IntentHandler.swift in Sources */ = {isa = PBXBuildFile; fileRef = E252C78427D53BEE00B29F6A /* IntentHandler.swift */; };
		E252C78927D53BEE00B29F6A /* SimplistsIntentHandler.appex in Embed App Extensions */ = {isa = PBXBuildFile; fileRef = E252C78027D53BEE00B29F6A /* SimplistsIntentHandler.appex */; settings = {ATTRIBUTES = (RemoveHeadersOnCopy, ); }; };
		E252C78E27D53D4F00B29F6A /* ListSelection.intentdefinition in Sources */ = {isa = PBXBuildFile; fileRef = E257B09627D51E990077E35F /* ListSelection.intentdefinition */; };
		E256DD6924F2E98600649855 /* FocusableTextField.swift in Sources */ = {isa = PBXBuildFile; fileRef = E256DD6824F2E98600649855 /* FocusableTextField.swift */; };
		E2578B8125D033A600BCC948 /* PreviewModeWidget.swift in Sources */ = {isa = PBXBuildFile; fileRef = E2578B8025D033A600BCC948 /* PreviewModeWidget.swift */; };
		E257B09827D51EAD0077E35F /* ListSelection.intentdefinition in Sources */ = {isa = PBXBuildFile; fileRef = E257B09627D51E990077E35F /* ListSelection.intentdefinition */; };
		E267533927D6417A00512CAC /* EmptyWidgetView.swift in Sources */ = {isa = PBXBuildFile; fileRef = E267533827D6417A00512CAC /* EmptyWidgetView.swift */; };
		E26D01E225810AED009049F3 /* StoreDataSource.swift in Sources */ = {isa = PBXBuildFile; fileRef = E26D01E125810AED009049F3 /* StoreDataSource.swift */; };
		E26D345525E3E88900EE3C3E /* WatchDebugView.swift in Sources */ = {isa = PBXBuildFile; fileRef = E26D345425E3E88900EE3C3E /* WatchDebugView.swift */; };
		E26DD859250BA13E00FCC495 /* AuthenticationErrorView.swift in Sources */ = {isa = PBXBuildFile; fileRef = E26DD858250BA13E00FCC495 /* AuthenticationErrorView.swift */; };
		E26EBDA125C83ADB000D031D /* FreeLimits.swift in Sources */ = {isa = PBXBuildFile; fileRef = E26EBDA025C83ADB000D031D /* FreeLimits.swift */; };
		E279EACA25D0480D00A38ED6 /* MailView.swift in Sources */ = {isa = PBXBuildFile; fileRef = E279EAC925D0480D00A38ED6 /* MailView.swift */; };
		E279EACF25D04D9D00A38ED6 /* WidgetView.swift in Sources */ = {isa = PBXBuildFile; fileRef = E279EACE25D04D9D00A38ED6 /* WidgetView.swift */; };
		E27CDF5C24ECA7BC004B6A32 /* Simplists.xcdatamodeld in Sources */ = {isa = PBXBuildFile; fileRef = E27CDF5A24ECA7BC004B6A32 /* Simplists.xcdatamodeld */; };
		E280799C26ECEB0D004A4559 /* ConditionalWidthModifier.swift in Sources */ = {isa = PBXBuildFile; fileRef = E280799B26ECEB0D004A4559 /* ConditionalWidthModifier.swift */; };
		E280799E26ECF539004A4559 /* ConditionalPaddingModifier.swift in Sources */ = {isa = PBXBuildFile; fileRef = E280799D26ECF539004A4559 /* ConditionalPaddingModifier.swift */; };
		E281EBD9259A2C7400DF1CEB /* FeatureBulletView.swift in Sources */ = {isa = PBXBuildFile; fileRef = E281EBD8259A2C7400DF1CEB /* FeatureBulletView.swift */; };
		E281EBE4259A3CD800DF1CEB /* StoreKit.framework in Frameworks */ = {isa = PBXBuildFile; fileRef = E281EBE3259A3CD800DF1CEB /* StoreKit.framework */; };
		E281FE0826E3C62400370D2D /* MediumWidgetView.swift in Sources */ = {isa = PBXBuildFile; fileRef = E281FE0726E3C62400370D2D /* MediumWidgetView.swift */; };
		E281FE0A26E3C63500370D2D /* LargeWidgetView.swift in Sources */ = {isa = PBXBuildFile; fileRef = E281FE0926E3C63500370D2D /* LargeWidgetView.swift */; };
		E281FE0B26E3C63F00370D2D /* SmallWidgetView.swift in Sources */ = {isa = PBXBuildFile; fileRef = E281FE0526E3C60E00370D2D /* SmallWidgetView.swift */; };
		E282850725F52A7700EE8997 /* WatchStoreErrorView.swift in Sources */ = {isa = PBXBuildFile; fileRef = E282850625F52A7700EE8997 /* WatchStoreErrorView.swift */; };
		E282850F25F52E0B00EE8997 /* WatchPrivacyPolicyView.swift in Sources */ = {isa = PBXBuildFile; fileRef = E282850E25F52E0B00EE8997 /* WatchPrivacyPolicyView.swift */; };
		E282851425F52E2F00EE8997 /* WatchParagraphView.swift in Sources */ = {isa = PBXBuildFile; fileRef = E282851325F52E2F00EE8997 /* WatchParagraphView.swift */; };
		E2A0302825B4CE81003BD447 /* EmptyStateView.swift in Sources */ = {isa = PBXBuildFile; fileRef = E2A0302725B4CE80003BD447 /* EmptyStateView.swift */; };
		E2A320FE250D704700A022B8 /* Localizable.strings in Resources */ = {isa = PBXBuildFile; fileRef = E2A32100250D704700A022B8 /* Localizable.strings */; };
		E2A32102250E628200A022B8 /* MoreView.swift in Sources */ = {isa = PBXBuildFile; fileRef = E2A32101250E628200A022B8 /* MoreView.swift */; };
		E2A376B425D1B4E2001D1615 /* UserDefaults+Extensions.swift in Sources */ = {isa = PBXBuildFile; fileRef = E2A376B325D1B4E2001D1615 /* UserDefaults+Extensions.swift */; };
		E2A60FFA25E1C9AD000F492C /* WatchNewListView.swift in Sources */ = {isa = PBXBuildFile; fileRef = E2A60FF925E1C9AD000F492C /* WatchNewListView.swift */; };
		E2A6100525E2A67F000F492C /* WatchNewItemView.swift in Sources */ = {isa = PBXBuildFile; fileRef = E2A6100425E2A67F000F492C /* WatchNewItemView.swift */; };
		E2AFBDBC24F16348008D9E3F /* ListEntity+Extensions.swift in Sources */ = {isa = PBXBuildFile; fileRef = E2AFBDBB24F16348008D9E3F /* ListEntity+Extensions.swift */; };
		E2AFBDBF24F194CC008D9E3F /* SMPListSortOrderTransformer.swift in Sources */ = {isa = PBXBuildFile; fileRef = E2AFBDBE24F194CC008D9E3F /* SMPListSortOrderTransformer.swift */; };
		E2B62B9A25E2C01A00898B21 /* WatchStoreView.swift in Sources */ = {isa = PBXBuildFile; fileRef = E2B62B9925E2C01A00898B21 /* WatchStoreView.swift */; };
		E2B62BAF25E2C68E00898B21 /* FreeLimits.swift in Sources */ = {isa = PBXBuildFile; fileRef = E26EBDA025C83ADB000D031D /* FreeLimits.swift */; };
		E2B9C3A325CED96F0024B9F6 /* DebugView.swift in Sources */ = {isa = PBXBuildFile; fileRef = E2B9C3A225CED96F0024B9F6 /* DebugView.swift */; };
		E2BB0B4F25DEA327004A1AB6 /* String+Extensions.swift in Sources */ = {isa = PBXBuildFile; fileRef = E218230B25605F0200CAA92C /* String+Extensions.swift */; };
		E2BB0B5325DEA6A0004A1AB6 /* Localizable.strings in Resources */ = {isa = PBXBuildFile; fileRef = E2BB0B5525DEA6A0004A1AB6 /* Localizable.strings */; };
		E2BB0B5E25DEA6DE004A1AB6 /* Localizable.stringsdict in Resources */ = {isa = PBXBuildFile; fileRef = E2BB0B6025DEA6DE004A1AB6 /* Localizable.stringsdict */; };
		E2BB0B6525DEA9FD004A1AB6 /* WatchListHeaderView.swift in Sources */ = {isa = PBXBuildFile; fileRef = E2BB0B6425DEA9FD004A1AB6 /* WatchListHeaderView.swift */; };
		E2C6670725CF17010063D7E8 /* ErrorMessageView.swift in Sources */ = {isa = PBXBuildFile; fileRef = E2C6670625CF17010063D7E8 /* ErrorMessageView.swift */; };
		E2C6670C25CF1BD80063D7E8 /* PurchaseButtonsView.swift in Sources */ = {isa = PBXBuildFile; fileRef = E2C6670B25CF1BD80063D7E8 /* PurchaseButtonsView.swift */; };
		E2C6671125CF1F3B0063D7E8 /* FeaturesView.swift in Sources */ = {isa = PBXBuildFile; fileRef = E2C6671025CF1F3B0063D7E8 /* FeaturesView.swift */; };
		E2C6671925CF277D0063D7E8 /* PurchasedView.swift in Sources */ = {isa = PBXBuildFile; fileRef = E2C6671825CF277D0063D7E8 /* PurchasedView.swift */; };
		E2C6671E25CF2FF20063D7E8 /* CannotPurchaseView.swift in Sources */ = {isa = PBXBuildFile; fileRef = E2C6671D25CF2FF20063D7E8 /* CannotPurchaseView.swift */; };
		E2C9648827DE8A6900EA6704 /* SimplistsKit.framework in Frameworks */ = {isa = PBXBuildFile; fileRef = E235D7E324E037B9007D95BE /* SimplistsKit.framework */; };
		E2C9648927DE8A6900EA6704 /* SimplistsKit.framework in Embed Frameworks */ = {isa = PBXBuildFile; fileRef = E235D7E324E037B9007D95BE /* SimplistsKit.framework */; settings = {ATTRIBUTES = (CodeSignOnCopy, RemoveHeadersOnCopy, ); }; };
		E2CE179626E69ADD00664BF3 /* WidgetItemView.swift in Sources */ = {isa = PBXBuildFile; fileRef = E2CE179526E69ADD00664BF3 /* WidgetItemView.swift */; };
		E2D2D6F525E7E18D00C305DA /* UserDefaults+Extensions.swift in Sources */ = {isa = PBXBuildFile; fileRef = E2D2D6F425E7E18D00C305DA /* UserDefaults+Extensions.swift */; };
		E2D2D6FC25EC42AD00C305DA /* StoreService.swift in Sources */ = {isa = PBXBuildFile; fileRef = E2F3818825C04D47002740F3 /* StoreService.swift */; };
		E2D2D6FD25EC42AD00C305DA /* StoreDataSource.swift in Sources */ = {isa = PBXBuildFile; fileRef = E26D01E125810AED009049F3 /* StoreDataSource.swift */; };
		E2D2D70125EC455C00C305DA /* SKProduct+Extensions.swift in Sources */ = {isa = PBXBuildFile; fileRef = E2F3819525C58F23002740F3 /* SKProduct+Extensions.swift */; };
		E2D2D70525EC456100C305DA /* Configuration.storekit in Resources */ = {isa = PBXBuildFile; fileRef = E2F3819025C58E10002740F3 /* Configuration.storekit */; };
		E2ECD76124F74B560046AEC9 /* NavBarItemsView.swift in Sources */ = {isa = PBXBuildFile; fileRef = E2ECD76024F74B560046AEC9 /* NavBarItemsView.swift */; };
		E2F3818925C04D47002740F3 /* StoreService.swift in Sources */ = {isa = PBXBuildFile; fileRef = E2F3818825C04D47002740F3 /* StoreService.swift */; };
		E2F3819125C58E11002740F3 /* Configuration.storekit in Resources */ = {isa = PBXBuildFile; fileRef = E2F3819025C58E10002740F3 /* Configuration.storekit */; };
		E2F3819625C58F23002740F3 /* SKProduct+Extensions.swift in Sources */ = {isa = PBXBuildFile; fileRef = E2F3819525C58F23002740F3 /* SKProduct+Extensions.swift */; };
		E2F559B427D97E3C007DA24A /* OpenURLContext.swift in Sources */ = {isa = PBXBuildFile; fileRef = E2F559B327D97E3C007DA24A /* OpenURLContext.swift */; };
/* End PBXBuildFile section */

/* Begin PBXContainerItemProxy section */
		E20F8A8C26D19C540016E2C7 /* PBXContainerItemProxy */ = {
			isa = PBXContainerItemProxy;
			containerPortal = E235D78724DF5B58007D95BE /* Project object */;
			proxyType = 1;
			remoteGlobalIDString = E20F8A7D26D19C510016E2C7;
			remoteInfo = SimplistsWidgetExtension;
		};
		E235D7B624DF5B89007D95BE /* PBXContainerItemProxy */ = {
			isa = PBXContainerItemProxy;
			containerPortal = E235D78724DF5B58007D95BE /* Project object */;
			proxyType = 1;
			remoteGlobalIDString = E235D7B324DF5B89007D95BE;
			remoteInfo = "WatchApp Extension";
		};
		E235D7CC24DF5B89007D95BE /* PBXContainerItemProxy */ = {
			isa = PBXContainerItemProxy;
			containerPortal = E235D78724DF5B58007D95BE /* Project object */;
			proxyType = 1;
			remoteGlobalIDString = E235D7A724DF5B88007D95BE;
			remoteInfo = WatchApp;
		};
		E235D7E824E037B9007D95BE /* PBXContainerItemProxy */ = {
			isa = PBXContainerItemProxy;
			containerPortal = E235D78724DF5B58007D95BE /* Project object */;
			proxyType = 1;
			remoteGlobalIDString = E235D7E224E037B9007D95BE;
			remoteInfo = SimplistsKit;
		};
		E252C78727D53BEE00B29F6A /* PBXContainerItemProxy */ = {
			isa = PBXContainerItemProxy;
			containerPortal = E235D78724DF5B58007D95BE /* Project object */;
			proxyType = 1;
			remoteGlobalIDString = E252C77F27D53BEE00B29F6A;
			remoteInfo = SimplistsIntentHandler;
		};
		E252C78F27D542D800B29F6A /* PBXContainerItemProxy */ = {
			isa = PBXContainerItemProxy;
			containerPortal = E235D78724DF5B58007D95BE /* Project object */;
			proxyType = 1;
			remoteGlobalIDString = E235D7E224E037B9007D95BE;
			remoteInfo = SimplistsKit;
		};
		E2C9648A27DE8A6900EA6704 /* PBXContainerItemProxy */ = {
			isa = PBXContainerItemProxy;
			containerPortal = E235D78724DF5B58007D95BE /* Project object */;
			proxyType = 1;
			remoteGlobalIDString = E235D7E224E037B9007D95BE;
			remoteInfo = SimplistsKit;
		};
		E2D711E727D54F8700861956 /* PBXContainerItemProxy */ = {
			isa = PBXContainerItemProxy;
			containerPortal = E235D78724DF5B58007D95BE /* Project object */;
			proxyType = 1;
			remoteGlobalIDString = E235D7E224E037B9007D95BE;
			remoteInfo = SimplistsKit;
		};
/* End PBXContainerItemProxy section */

/* Begin PBXCopyFilesBuildPhase section */
		E20F8A9326D19C540016E2C7 /* Embed App Extensions */ = {
			isa = PBXCopyFilesBuildPhase;
			buildActionMask = 2147483647;
			dstPath = "";
			dstSubfolderSpec = 13;
			files = (
				E252C78927D53BEE00B29F6A /* SimplistsIntentHandler.appex in Embed App Extensions */,
				E20F8A8E26D19C540016E2C7 /* SimplistsWidgetExtension.appex in Embed App Extensions */,
			);
			name = "Embed App Extensions";
			runOnlyForDeploymentPostprocessing = 0;
		};
		E235D7D224DF5B89007D95BE /* Embed App Extensions */ = {
			isa = PBXCopyFilesBuildPhase;
			buildActionMask = 2147483647;
			dstPath = "";
			dstSubfolderSpec = 13;
			files = (
				E235D7B524DF5B89007D95BE /* WatchApp Extension.appex in Embed App Extensions */,
			);
			name = "Embed App Extensions";
			runOnlyForDeploymentPostprocessing = 0;
		};
		E235D7D624DF5B89007D95BE /* Embed Watch Content */ = {
			isa = PBXCopyFilesBuildPhase;
			buildActionMask = 2147483647;
			dstPath = "$(CONTENTS_FOLDER_PATH)/Watch";
			dstSubfolderSpec = 16;
			files = (
				E235D7CE24DF5B89007D95BE /* WatchApp.app in Embed Watch Content */,
			);
			name = "Embed Watch Content";
			runOnlyForDeploymentPostprocessing = 0;
		};
		E235D7EF24E037B9007D95BE /* Embed Frameworks */ = {
			isa = PBXCopyFilesBuildPhase;
			buildActionMask = 2147483647;
			dstPath = "";
			dstSubfolderSpec = 10;
			files = (
				E235D7EB24E037B9007D95BE /* SimplistsKit.framework in Embed Frameworks */,
			);
			name = "Embed Frameworks";
			runOnlyForDeploymentPostprocessing = 0;
		};
		E235D80524E04E3E007D95BE /* Embed Frameworks */ = {
			isa = PBXCopyFilesBuildPhase;
			buildActionMask = 2147483647;
			dstPath = "";
			dstSubfolderSpec = 10;
			files = (
				E2C9648927DE8A6900EA6704 /* SimplistsKit.framework in Embed Frameworks */,
			);
			name = "Embed Frameworks";
			runOnlyForDeploymentPostprocessing = 0;
		};
/* End PBXCopyFilesBuildPhase section */

/* Begin PBXFileReference section */
		E2029FF925FB9E3300490043 /* ReviewHelper.swift */ = {isa = PBXFileReference; lastKnownFileType = sourcecode.swift; path = ReviewHelper.swift; sourceTree = "<group>"; };
		E203CBBD27F090C400651CEC /* ListView.swift */ = {isa = PBXFileReference; lastKnownFileType = sourcecode.swift; path = ListView.swift; sourceTree = "<group>"; };
		E20BD7782754057200671478 /* ConditionalHiddenModifier.swift */ = {isa = PBXFileReference; lastKnownFileType = sourcecode.swift; path = ConditionalHiddenModifier.swift; sourceTree = "<group>"; };
		E20F8A7826D18CF10016E2C7 /* InlineNavBarTitleDisplayMode.swift */ = {isa = PBXFileReference; lastKnownFileType = sourcecode.swift; path = InlineNavBarTitleDisplayMode.swift; sourceTree = "<group>"; };
		E20F8A7E26D19C510016E2C7 /* SimplistsWidgetExtension.appex */ = {isa = PBXFileReference; explicitFileType = "wrapper.app-extension"; includeInIndex = 0; path = SimplistsWidgetExtension.appex; sourceTree = BUILT_PRODUCTS_DIR; };
		E20F8A7F26D19C510016E2C7 /* WidgetKit.framework */ = {isa = PBXFileReference; lastKnownFileType = wrapper.framework; name = WidgetKit.framework; path = System/Library/Frameworks/WidgetKit.framework; sourceTree = SDKROOT; };
		E20F8A8126D19C510016E2C7 /* SwiftUI.framework */ = {isa = PBXFileReference; lastKnownFileType = wrapper.framework; name = SwiftUI.framework; path = System/Library/Frameworks/SwiftUI.framework; sourceTree = SDKROOT; };
		E20F8A8426D19C510016E2C7 /* SimplistsWidget.swift */ = {isa = PBXFileReference; lastKnownFileType = sourcecode.swift; path = SimplistsWidget.swift; sourceTree = "<group>"; };
		E20F8A8726D19C540016E2C7 /* Assets.xcassets */ = {isa = PBXFileReference; lastKnownFileType = folder.assetcatalog; path = Assets.xcassets; sourceTree = "<group>"; };
		E20F8A8926D19C540016E2C7 /* Info.plist */ = {isa = PBXFileReference; lastKnownFileType = text.plist.xml; path = Info.plist; sourceTree = "<group>"; };
		E20F8A8F26D19C540016E2C7 /* SimplistsWidgetExtension.entitlements */ = {isa = PBXFileReference; lastKnownFileType = text.plist.entitlements; path = SimplistsWidgetExtension.entitlements; sourceTree = "<group>"; };
		E21123DA2504420700B3D76D /* PrivacyPolicyView.swift */ = {isa = PBXFileReference; lastKnownFileType = sourcecode.swift; path = PrivacyPolicyView.swift; sourceTree = "<group>"; };
		E21123DC2504441900B3D76D /* AboutView.swift */ = {isa = PBXFileReference; lastKnownFileType = sourcecode.swift; path = AboutView.swift; sourceTree = "<group>"; };
		E218230B25605F0200CAA92C /* String+Extensions.swift */ = {isa = PBXFileReference; lastKnownFileType = sourcecode.swift; path = "String+Extensions.swift"; sourceTree = "<group>"; };
		E218242A26D0325D00425947 /* SelectAllView.swift */ = {isa = PBXFileReference; lastKnownFileType = sourcecode.swift; path = SelectAllView.swift; sourceTree = "<group>"; };
		E21B627827E4B3A500A427CC /* Localizable.stringsdict */ = {isa = PBXFileReference; lastKnownFileType = text.plist.stringsdict; path = Localizable.stringsdict; sourceTree = "<group>"; };
		E22077C825AB941800866341 /* en */ = {isa = PBXFileReference; lastKnownFileType = text.plist.stringsdict; name = en; path = en.lproj/Localizable.stringsdict; sourceTree = "<group>"; };
		E228228725D09CAA009F4877 /* PrivacyPolicyParagraphView.swift */ = {isa = PBXFileReference; lastKnownFileType = sourcecode.swift; path = PrivacyPolicyParagraphView.swift; sourceTree = "<group>"; };
		E22C615C255432710004B561 /* ArchivedListsView.swift */ = {isa = PBXFileReference; lastKnownFileType = sourcecode.swift; path = ArchivedListsView.swift; sourceTree = "<group>"; };
		E22E151F24E05BBC002A140E /* SMPList.swift */ = {isa = PBXFileReference; lastKnownFileType = sourcecode.swift; path = SMPList.swift; sourceTree = "<group>"; };
		E22E152224E060C2002A140E /* HomeView.swift */ = {isa = PBXFileReference; lastKnownFileType = sourcecode.swift; path = HomeView.swift; sourceTree = "<group>"; };
		E22E152924E0769E002A140E /* WatchHomeView.swift */ = {isa = PBXFileReference; lastKnownFileType = sourcecode.swift; path = WatchHomeView.swift; sourceTree = "<group>"; };
		E22E152B24E0809F002A140E /* SMP+CoreData.swift */ = {isa = PBXFileReference; lastKnownFileType = sourcecode.swift; path = "SMP+CoreData.swift"; sourceTree = "<group>"; };
		E22E152F24E0871D002A140E /* SMPPersistentContainer.swift */ = {isa = PBXFileReference; lastKnownFileType = sourcecode.swift; path = SMPPersistentContainer.swift; sourceTree = "<group>"; };
		E235D78F24DF5B59007D95BE /* Simplists.app */ = {isa = PBXFileReference; explicitFileType = wrapper.application; includeInIndex = 0; path = Simplists.app; sourceTree = BUILT_PRODUCTS_DIR; };
		E235D79224DF5B59007D95BE /* AppDelegate.swift */ = {isa = PBXFileReference; lastKnownFileType = sourcecode.swift; path = AppDelegate.swift; sourceTree = "<group>"; };
		E235D79424DF5B59007D95BE /* SceneDelegate.swift */ = {isa = PBXFileReference; lastKnownFileType = sourcecode.swift; path = SceneDelegate.swift; sourceTree = "<group>"; };
		E235D79824DF5B5A007D95BE /* Assets.xcassets */ = {isa = PBXFileReference; lastKnownFileType = folder.assetcatalog; path = Assets.xcassets; sourceTree = "<group>"; };
		E235D79B24DF5B5A007D95BE /* PreviewAssets.xcassets */ = {isa = PBXFileReference; lastKnownFileType = folder.assetcatalog; path = PreviewAssets.xcassets; sourceTree = "<group>"; };
		E235D79E24DF5B5A007D95BE /* Base */ = {isa = PBXFileReference; lastKnownFileType = file.storyboard; name = Base; path = Base.lproj/LaunchScreen.storyboard; sourceTree = "<group>"; };
		E235D7A024DF5B5A007D95BE /* Info.plist */ = {isa = PBXFileReference; lastKnownFileType = text.plist.xml; path = Info.plist; sourceTree = "<group>"; };
		E235D7A824DF5B88007D95BE /* WatchApp.app */ = {isa = PBXFileReference; explicitFileType = wrapper.application; includeInIndex = 0; path = WatchApp.app; sourceTree = BUILT_PRODUCTS_DIR; };
		E235D7AB24DF5B88007D95BE /* Base */ = {isa = PBXFileReference; lastKnownFileType = file.storyboard; name = Base; path = Base.lproj/Interface.storyboard; sourceTree = "<group>"; };
		E235D7AD24DF5B89007D95BE /* Assets.xcassets */ = {isa = PBXFileReference; lastKnownFileType = folder.assetcatalog; path = Assets.xcassets; sourceTree = "<group>"; };
		E235D7AF24DF5B89007D95BE /* Info.plist */ = {isa = PBXFileReference; lastKnownFileType = text.plist.xml; path = Info.plist; sourceTree = "<group>"; };
		E235D7B424DF5B89007D95BE /* WatchApp Extension.appex */ = {isa = PBXFileReference; explicitFileType = "wrapper.app-extension"; includeInIndex = 0; path = "WatchApp Extension.appex"; sourceTree = BUILT_PRODUCTS_DIR; };
		E235D7B924DF5B89007D95BE /* HostingController.swift */ = {isa = PBXFileReference; lastKnownFileType = sourcecode.swift; path = HostingController.swift; sourceTree = "<group>"; };
		E235D7BB24DF5B89007D95BE /* WatchListView.swift */ = {isa = PBXFileReference; lastKnownFileType = sourcecode.swift; path = WatchListView.swift; sourceTree = "<group>"; };
		E235D7BD24DF5B89007D95BE /* ExtensionDelegate.swift */ = {isa = PBXFileReference; lastKnownFileType = sourcecode.swift; path = ExtensionDelegate.swift; sourceTree = "<group>"; };
		E235D7C324DF5B89007D95BE /* ComplicationController.swift */ = {isa = PBXFileReference; lastKnownFileType = sourcecode.swift; path = ComplicationController.swift; sourceTree = "<group>"; };
		E235D7C524DF5B89007D95BE /* Assets.xcassets */ = {isa = PBXFileReference; lastKnownFileType = folder.assetcatalog; path = Assets.xcassets; sourceTree = "<group>"; };
		E235D7C824DF5B89007D95BE /* Preview Assets.xcassets */ = {isa = PBXFileReference; lastKnownFileType = folder.assetcatalog; path = "Preview Assets.xcassets"; sourceTree = "<group>"; };
		E235D7CA24DF5B89007D95BE /* Info.plist */ = {isa = PBXFileReference; lastKnownFileType = text.plist.xml; path = Info.plist; sourceTree = "<group>"; };
		E235D7D724E036F6007D95BE /* Simplists.entitlements */ = {isa = PBXFileReference; lastKnownFileType = text.plist.entitlements; path = Simplists.entitlements; sourceTree = "<group>"; };
		E235D7D924E0372D007D95BE /* CloudKit.framework */ = {isa = PBXFileReference; lastKnownFileType = wrapper.framework; name = CloudKit.framework; path = System/Library/Frameworks/CloudKit.framework; sourceTree = SDKROOT; };
		E235D7DB24E0374A007D95BE /* WatchApp Extension.entitlements */ = {isa = PBXFileReference; lastKnownFileType = text.plist.entitlements; path = "WatchApp Extension.entitlements"; sourceTree = "<group>"; };
		E235D7DC24E0374D007D95BE /* CloudKit.framework */ = {isa = PBXFileReference; lastKnownFileType = wrapper.framework; name = CloudKit.framework; path = Platforms/WatchOS.platform/Developer/SDKs/WatchOS7.0.sdk/System/Library/Frameworks/CloudKit.framework; sourceTree = DEVELOPER_DIR; };
		E235D7E324E037B9007D95BE /* SimplistsKit.framework */ = {isa = PBXFileReference; explicitFileType = wrapper.framework; includeInIndex = 0; path = SimplistsKit.framework; sourceTree = BUILT_PRODUCTS_DIR; };
		E235D7E524E037B9007D95BE /* SimplistsKit.h */ = {isa = PBXFileReference; lastKnownFileType = sourcecode.c.h; path = SimplistsKit.h; sourceTree = "<group>"; };
		E235D7E624E037B9007D95BE /* Info.plist */ = {isa = PBXFileReference; lastKnownFileType = text.plist.xml; path = Info.plist; sourceTree = "<group>"; };
		E235D7F324E046D7007D95BE /* SMPStorage.swift */ = {isa = PBXFileReference; lastKnownFileType = sourcecode.swift; path = SMPStorage.swift; sourceTree = "<group>"; };
		E235D7F924E04C3F007D95BE /* WatchListItemView.swift */ = {isa = PBXFileReference; lastKnownFileType = sourcecode.swift; path = WatchListItemView.swift; sourceTree = "<group>"; };
		E235D7FB24E04CC1007D95BE /* SMPListItem.swift */ = {isa = PBXFileReference; lastKnownFileType = sourcecode.swift; path = SMPListItem.swift; sourceTree = "<group>"; };
		E23925B626A460BE00C59053 /* ListRowView.swift */ = {isa = PBXFileReference; lastKnownFileType = sourcecode.swift; path = ListRowView.swift; sourceTree = "<group>"; };
		E241A045258FBA7D000277BE /* StoreView.swift */ = {isa = PBXFileReference; lastKnownFileType = sourcecode.swift; path = StoreView.swift; sourceTree = "<group>"; };
		E24FACA3251CEC7C002B0B97 /* WatchAuthenticationErrorView.swift */ = {isa = PBXFileReference; lastKnownFileType = sourcecode.swift; path = WatchAuthenticationErrorView.swift; sourceTree = "<group>"; };
		E250E1AC269B2B6C00860DEC /* RenameListView.swift */ = {isa = PBXFileReference; fileEncoding = 4; lastKnownFileType = sourcecode.swift; path = RenameListView.swift; sourceTree = "<group>"; };
		E250E1AD269B2B6C00860DEC /* ListView.swift */ = {isa = PBXFileReference; fileEncoding = 4; lastKnownFileType = sourcecode.swift; path = ListView.swift; sourceTree = "<group>"; };
		E250E1AE269B2B6C00860DEC /* MoveToListView.swift */ = {isa = PBXFileReference; fileEncoding = 4; lastKnownFileType = sourcecode.swift; path = MoveToListView.swift; sourceTree = "<group>"; };
		E250E1AF269B2B6C00860DEC /* ItemView.swift */ = {isa = PBXFileReference; fileEncoding = 4; lastKnownFileType = sourcecode.swift; path = ItemView.swift; sourceTree = "<group>"; };
		E252C78027D53BEE00B29F6A /* SimplistsIntentHandler.appex */ = {isa = PBXFileReference; explicitFileType = "wrapper.app-extension"; includeInIndex = 0; path = SimplistsIntentHandler.appex; sourceTree = BUILT_PRODUCTS_DIR; };
		E252C78127D53BEE00B29F6A /* Intents.framework */ = {isa = PBXFileReference; lastKnownFileType = wrapper.framework; name = Intents.framework; path = System/Library/Frameworks/Intents.framework; sourceTree = SDKROOT; };
		E252C78427D53BEE00B29F6A /* IntentHandler.swift */ = {isa = PBXFileReference; lastKnownFileType = sourcecode.swift; path = IntentHandler.swift; sourceTree = "<group>"; };
		E252C78627D53BEE00B29F6A /* Info.plist */ = {isa = PBXFileReference; lastKnownFileType = text.plist.xml; path = Info.plist; sourceTree = "<group>"; };
		E252C78A27D53BEE00B29F6A /* SimplistsIntentHandler.entitlements */ = {isa = PBXFileReference; lastKnownFileType = text.plist.entitlements; path = SimplistsIntentHandler.entitlements; sourceTree = "<group>"; };
		E256DD6824F2E98600649855 /* FocusableTextField.swift */ = {isa = PBXFileReference; lastKnownFileType = sourcecode.swift; path = FocusableTextField.swift; sourceTree = "<group>"; };
		E2578B8025D033A600BCC948 /* PreviewModeWidget.swift */ = {isa = PBXFileReference; lastKnownFileType = sourcecode.swift; path = PreviewModeWidget.swift; sourceTree = "<group>"; };
		E257B09627D51E990077E35F /* ListSelection.intentdefinition */ = {isa = PBXFileReference; lastKnownFileType = file.intentdefinition; path = ListSelection.intentdefinition; sourceTree = "<group>"; };
		E267533827D6417A00512CAC /* EmptyWidgetView.swift */ = {isa = PBXFileReference; lastKnownFileType = sourcecode.swift; path = EmptyWidgetView.swift; sourceTree = "<group>"; };
		E26D01E125810AED009049F3 /* StoreDataSource.swift */ = {isa = PBXFileReference; lastKnownFileType = sourcecode.swift; path = StoreDataSource.swift; sourceTree = "<group>"; };
		E26D345425E3E88900EE3C3E /* WatchDebugView.swift */ = {isa = PBXFileReference; lastKnownFileType = sourcecode.swift; path = WatchDebugView.swift; sourceTree = "<group>"; };
		E26DD858250BA13E00FCC495 /* AuthenticationErrorView.swift */ = {isa = PBXFileReference; lastKnownFileType = sourcecode.swift; path = AuthenticationErrorView.swift; sourceTree = "<group>"; };
		E26EBDA025C83ADB000D031D /* FreeLimits.swift */ = {isa = PBXFileReference; lastKnownFileType = sourcecode.swift; path = FreeLimits.swift; sourceTree = "<group>"; };
		E279EAC925D0480D00A38ED6 /* MailView.swift */ = {isa = PBXFileReference; lastKnownFileType = sourcecode.swift; path = MailView.swift; sourceTree = "<group>"; };
		E279EACE25D04D9D00A38ED6 /* WidgetView.swift */ = {isa = PBXFileReference; lastKnownFileType = sourcecode.swift; path = WidgetView.swift; sourceTree = "<group>"; };
		E27CDF5B24ECA7BC004B6A32 /* Simplists.xcdatamodel */ = {isa = PBXFileReference; lastKnownFileType = wrapper.xcdatamodel; path = Simplists.xcdatamodel; sourceTree = "<group>"; };
		E280799B26ECEB0D004A4559 /* ConditionalWidthModifier.swift */ = {isa = PBXFileReference; fileEncoding = 4; lastKnownFileType = sourcecode.swift; path = ConditionalWidthModifier.swift; sourceTree = "<group>"; };
		E280799D26ECF539004A4559 /* ConditionalPaddingModifier.swift */ = {isa = PBXFileReference; lastKnownFileType = sourcecode.swift; path = ConditionalPaddingModifier.swift; sourceTree = "<group>"; };
		E281EBD8259A2C7400DF1CEB /* FeatureBulletView.swift */ = {isa = PBXFileReference; lastKnownFileType = sourcecode.swift; path = FeatureBulletView.swift; sourceTree = "<group>"; };
		E281EBE3259A3CD800DF1CEB /* StoreKit.framework */ = {isa = PBXFileReference; lastKnownFileType = wrapper.framework; name = StoreKit.framework; path = System/Library/Frameworks/StoreKit.framework; sourceTree = SDKROOT; };
		E281FE0526E3C60E00370D2D /* SmallWidgetView.swift */ = {isa = PBXFileReference; lastKnownFileType = sourcecode.swift; path = SmallWidgetView.swift; sourceTree = "<group>"; };
		E281FE0726E3C62400370D2D /* MediumWidgetView.swift */ = {isa = PBXFileReference; lastKnownFileType = sourcecode.swift; path = MediumWidgetView.swift; sourceTree = "<group>"; };
		E281FE0926E3C63500370D2D /* LargeWidgetView.swift */ = {isa = PBXFileReference; lastKnownFileType = sourcecode.swift; path = LargeWidgetView.swift; sourceTree = "<group>"; };
		E282850625F52A7700EE8997 /* WatchStoreErrorView.swift */ = {isa = PBXFileReference; lastKnownFileType = sourcecode.swift; path = WatchStoreErrorView.swift; sourceTree = "<group>"; };
		E282850E25F52E0B00EE8997 /* WatchPrivacyPolicyView.swift */ = {isa = PBXFileReference; lastKnownFileType = sourcecode.swift; path = WatchPrivacyPolicyView.swift; sourceTree = "<group>"; };
		E282851325F52E2F00EE8997 /* WatchParagraphView.swift */ = {isa = PBXFileReference; lastKnownFileType = sourcecode.swift; path = WatchParagraphView.swift; sourceTree = "<group>"; };
		E2A0302725B4CE80003BD447 /* EmptyStateView.swift */ = {isa = PBXFileReference; lastKnownFileType = sourcecode.swift; path = EmptyStateView.swift; sourceTree = "<group>"; };
		E2A320FF250D704700A022B8 /* en */ = {isa = PBXFileReference; lastKnownFileType = text.plist.strings; name = en; path = en.lproj/Localizable.strings; sourceTree = "<group>"; };
		E2A32101250E628200A022B8 /* MoreView.swift */ = {isa = PBXFileReference; lastKnownFileType = sourcecode.swift; path = MoreView.swift; sourceTree = "<group>"; };
		E2A376B325D1B4E2001D1615 /* UserDefaults+Extensions.swift */ = {isa = PBXFileReference; lastKnownFileType = sourcecode.swift; path = "UserDefaults+Extensions.swift"; sourceTree = "<group>"; };
		E2A60FF925E1C9AD000F492C /* WatchNewListView.swift */ = {isa = PBXFileReference; lastKnownFileType = sourcecode.swift; path = WatchNewListView.swift; sourceTree = "<group>"; };
		E2A6100425E2A67F000F492C /* WatchNewItemView.swift */ = {isa = PBXFileReference; lastKnownFileType = sourcecode.swift; path = WatchNewItemView.swift; sourceTree = "<group>"; };
		E2AFBDBB24F16348008D9E3F /* ListEntity+Extensions.swift */ = {isa = PBXFileReference; lastKnownFileType = sourcecode.swift; path = "ListEntity+Extensions.swift"; sourceTree = "<group>"; };
		E2AFBDBE24F194CC008D9E3F /* SMPListSortOrderTransformer.swift */ = {isa = PBXFileReference; lastKnownFileType = sourcecode.swift; path = SMPListSortOrderTransformer.swift; sourceTree = "<group>"; };
		E2B62B9925E2C01A00898B21 /* WatchStoreView.swift */ = {isa = PBXFileReference; lastKnownFileType = sourcecode.swift; path = WatchStoreView.swift; sourceTree = "<group>"; };
		E2B9C3A225CED96F0024B9F6 /* DebugView.swift */ = {isa = PBXFileReference; lastKnownFileType = sourcecode.swift; path = DebugView.swift; sourceTree = "<group>"; };
		E2BB0B5425DEA6A0004A1AB6 /* en */ = {isa = PBXFileReference; lastKnownFileType = text.plist.strings; name = en; path = en.lproj/Localizable.strings; sourceTree = "<group>"; };
		E2BB0B5F25DEA6DE004A1AB6 /* en */ = {isa = PBXFileReference; lastKnownFileType = text.plist.stringsdict; name = en; path = en.lproj/Localizable.stringsdict; sourceTree = "<group>"; };
		E2BB0B6425DEA9FD004A1AB6 /* WatchListHeaderView.swift */ = {isa = PBXFileReference; lastKnownFileType = sourcecode.swift; path = WatchListHeaderView.swift; sourceTree = "<group>"; };
		E2C6670625CF17010063D7E8 /* ErrorMessageView.swift */ = {isa = PBXFileReference; lastKnownFileType = sourcecode.swift; path = ErrorMessageView.swift; sourceTree = "<group>"; };
		E2C6670B25CF1BD80063D7E8 /* PurchaseButtonsView.swift */ = {isa = PBXFileReference; lastKnownFileType = sourcecode.swift; path = PurchaseButtonsView.swift; sourceTree = "<group>"; };
		E2C6671025CF1F3B0063D7E8 /* FeaturesView.swift */ = {isa = PBXFileReference; lastKnownFileType = sourcecode.swift; path = FeaturesView.swift; sourceTree = "<group>"; };
		E2C6671825CF277D0063D7E8 /* PurchasedView.swift */ = {isa = PBXFileReference; lastKnownFileType = sourcecode.swift; path = PurchasedView.swift; sourceTree = "<group>"; };
		E2C6671D25CF2FF20063D7E8 /* CannotPurchaseView.swift */ = {isa = PBXFileReference; fileEncoding = 4; lastKnownFileType = sourcecode.swift; path = CannotPurchaseView.swift; sourceTree = "<group>"; };
		E2CE179526E69ADD00664BF3 /* WidgetItemView.swift */ = {isa = PBXFileReference; lastKnownFileType = sourcecode.swift; path = WidgetItemView.swift; sourceTree = "<group>"; };
		E2D2D6F425E7E18D00C305DA /* UserDefaults+Extensions.swift */ = {isa = PBXFileReference; lastKnownFileType = sourcecode.swift; path = "UserDefaults+Extensions.swift"; sourceTree = "<group>"; };
		E2ECD76024F74B560046AEC9 /* NavBarItemsView.swift */ = {isa = PBXFileReference; lastKnownFileType = sourcecode.swift; path = NavBarItemsView.swift; sourceTree = "<group>"; };
		E2F3818825C04D47002740F3 /* StoreService.swift */ = {isa = PBXFileReference; lastKnownFileType = sourcecode.swift; path = StoreService.swift; sourceTree = "<group>"; };
		E2F3819025C58E10002740F3 /* Configuration.storekit */ = {isa = PBXFileReference; lastKnownFileType = text; path = Configuration.storekit; sourceTree = "<group>"; };
		E2F3819525C58F23002740F3 /* SKProduct+Extensions.swift */ = {isa = PBXFileReference; lastKnownFileType = sourcecode.swift; path = "SKProduct+Extensions.swift"; sourceTree = "<group>"; };
		E2F559B327D97E3C007DA24A /* OpenURLContext.swift */ = {isa = PBXFileReference; lastKnownFileType = sourcecode.swift; path = OpenURLContext.swift; sourceTree = "<group>"; };
/* End PBXFileReference section */

/* Begin PBXFrameworksBuildPhase section */
		E20F8A7B26D19C510016E2C7 /* Frameworks */ = {
			isa = PBXFrameworksBuildPhase;
			buildActionMask = 2147483647;
			files = (
				E20F8A8226D19C510016E2C7 /* SwiftUI.framework in Frameworks */,
				E20F8A8026D19C510016E2C7 /* WidgetKit.framework in Frameworks */,
			);
			runOnlyForDeploymentPostprocessing = 0;
		};
		E235D78C24DF5B59007D95BE /* Frameworks */ = {
			isa = PBXFrameworksBuildPhase;
			buildActionMask = 2147483647;
			files = (
				E235D7DA24E0372D007D95BE /* CloudKit.framework in Frameworks */,
				E235D7EA24E037B9007D95BE /* SimplistsKit.framework in Frameworks */,
				E281EBE4259A3CD800DF1CEB /* StoreKit.framework in Frameworks */,
			);
			runOnlyForDeploymentPostprocessing = 0;
		};
		E235D7B124DF5B89007D95BE /* Frameworks */ = {
			isa = PBXFrameworksBuildPhase;
			buildActionMask = 2147483647;
			files = (
				E2C9648827DE8A6900EA6704 /* SimplistsKit.framework in Frameworks */,
				E235D7DD24E0374D007D95BE /* CloudKit.framework in Frameworks */,
			);
			runOnlyForDeploymentPostprocessing = 0;
		};
		E235D7E024E037B9007D95BE /* Frameworks */ = {
			isa = PBXFrameworksBuildPhase;
			buildActionMask = 2147483647;
			files = (
			);
			runOnlyForDeploymentPostprocessing = 0;
		};
		E252C77D27D53BEE00B29F6A /* Frameworks */ = {
			isa = PBXFrameworksBuildPhase;
			buildActionMask = 2147483647;
			files = (
				E252C78227D53BEE00B29F6A /* Intents.framework in Frameworks */,
			);
			runOnlyForDeploymentPostprocessing = 0;
		};
/* End PBXFrameworksBuildPhase section */

/* Begin PBXGroup section */
		E2029FF825FA4D7600490043 /* Sources */ = {
			isa = PBXGroup;
			children = (
				E26D01DD257E71D3009049F3 /* Extensions */,
				E22E152524E06976002A140E /* Startup */,
				E22E152424E06963002A140E /* Views */,
				E2029FF925FB9E3300490043 /* ReviewHelper.swift */,
				E2F559B327D97E3C007DA24A /* OpenURLContext.swift */,
			);
			path = Sources;
			sourceTree = "<group>";
		};
		E20F8A8326D19C510016E2C7 /* SimplistsWidget */ = {
			isa = PBXGroup;
			children = (
				E281FE0C26E3CA0100370D2D /* Views */,
				E20F8A8426D19C510016E2C7 /* SimplistsWidget.swift */,
				E257B09627D51E990077E35F /* ListSelection.intentdefinition */,
				E20F8A8726D19C540016E2C7 /* Assets.xcassets */,
				E20F8A8926D19C540016E2C7 /* Info.plist */,
				E21B627827E4B3A500A427CC /* Localizable.stringsdict */,
			);
			path = SimplistsWidget;
			sourceTree = "<group>";
		};
		E22E152424E06963002A140E /* Views */ = {
			isa = PBXGroup;
			children = (
				E250E1AB269B2B1500860DEC /* List */,
				E2B9C3A725CF039B0024B9F6 /* Store */,
				E2A32107250E8AC600A022B8 /* More */,
				E22C615C255432710004B561 /* ArchivedListsView.swift */,
				E26DD858250BA13E00FCC495 /* AuthenticationErrorView.swift */,
				E2A0302725B4CE80003BD447 /* EmptyStateView.swift */,
				E2C6670625CF17010063D7E8 /* ErrorMessageView.swift */,
				E256DD6824F2E98600649855 /* FocusableTextField.swift */,
				E22E152224E060C2002A140E /* HomeView.swift */,
				E2ECD76024F74B560046AEC9 /* NavBarItemsView.swift */,
			);
			path = Views;
			sourceTree = "<group>";
		};
		E22E152524E06976002A140E /* Startup */ = {
			isa = PBXGroup;
			children = (
				E235D79224DF5B59007D95BE /* AppDelegate.swift */,
				E235D79424DF5B59007D95BE /* SceneDelegate.swift */,
			);
			path = Startup;
			sourceTree = "<group>";
		};
		E22E152624E0698B002A140E /* Views */ = {
			isa = PBXGroup;
			children = (
				E282850525F52A4500EE8997 /* Store */,
				E24FACA3251CEC7C002B0B97 /* WatchAuthenticationErrorView.swift */,
				E26D345425E3E88900EE3C3E /* WatchDebugView.swift */,
				E22E152924E0769E002A140E /* WatchHomeView.swift */,
				E2A6100425E2A67F000F492C /* WatchNewItemView.swift */,
				E2A60FF925E1C9AD000F492C /* WatchNewListView.swift */,
				E2BB0B6425DEA9FD004A1AB6 /* WatchListHeaderView.swift */,
				E235D7F924E04C3F007D95BE /* WatchListItemView.swift */,
				E235D7BB24DF5B89007D95BE /* WatchListView.swift */,
				E20F8A7826D18CF10016E2C7 /* InlineNavBarTitleDisplayMode.swift */,
			);
			path = Views;
			sourceTree = "<group>";
		};
		E22E152724E06A4F002A140E /* Startup */ = {
			isa = PBXGroup;
			children = (
				E235D7B924DF5B89007D95BE /* HostingController.swift */,
				E235D7BD24DF5B89007D95BE /* ExtensionDelegate.swift */,
			);
			path = Startup;
			sourceTree = "<group>";
		};
		E22E152824E06A6E002A140E /* Complication */ = {
			isa = PBXGroup;
			children = (
				E235D7C324DF5B89007D95BE /* ComplicationController.swift */,
			);
			path = Complication;
			sourceTree = "<group>";
		};
		E235D78624DF5B58007D95BE = {
			isa = PBXGroup;
			children = (
				E20F8A8F26D19C540016E2C7 /* SimplistsWidgetExtension.entitlements */,
				E2B62BAE25E2C67900898B21 /* Shared */,
				E235D79124DF5B59007D95BE /* Simplists */,
				E235D7A924DF5B88007D95BE /* WatchApp */,
				E235D7B824DF5B89007D95BE /* WatchApp Extension */,
				E235D7E424E037B9007D95BE /* SimplistsKit */,
				E20F8A8326D19C510016E2C7 /* SimplistsWidget */,
				E252C78327D53BEE00B29F6A /* SimplistsIntentHandler */,
				E235D79024DF5B59007D95BE /* Products */,
				E235D7D824E0372D007D95BE /* Frameworks */,
			);
			sourceTree = "<group>";
		};
		E235D79024DF5B59007D95BE /* Products */ = {
			isa = PBXGroup;
			children = (
				E235D78F24DF5B59007D95BE /* Simplists.app */,
				E235D7A824DF5B88007D95BE /* WatchApp.app */,
				E235D7B424DF5B89007D95BE /* WatchApp Extension.appex */,
				E235D7E324E037B9007D95BE /* SimplistsKit.framework */,
				E20F8A7E26D19C510016E2C7 /* SimplistsWidgetExtension.appex */,
				E252C78027D53BEE00B29F6A /* SimplistsIntentHandler.appex */,
			);
			name = Products;
			sourceTree = "<group>";
		};
		E235D79124DF5B59007D95BE /* Simplists */ = {
			isa = PBXGroup;
			children = (
				E2029FF825FA4D7600490043 /* Sources */,
				E235D7D724E036F6007D95BE /* Simplists.entitlements */,
				E235D79824DF5B5A007D95BE /* Assets.xcassets */,
				E235D79D24DF5B5A007D95BE /* LaunchScreen.storyboard */,
				E235D7A024DF5B5A007D95BE /* Info.plist */,
				E2A32100250D704700A022B8 /* Localizable.strings */,
				E22077C925AB941800866341 /* Localizable.stringsdict */,
				E235D79A24DF5B5A007D95BE /* PreviewContent */,
			);
			path = Simplists;
			sourceTree = "<group>";
		};
		E235D79A24DF5B5A007D95BE /* PreviewContent */ = {
			isa = PBXGroup;
			children = (
				E235D79B24DF5B5A007D95BE /* PreviewAssets.xcassets */,
			);
			path = PreviewContent;
			sourceTree = "<group>";
		};
		E235D7A924DF5B88007D95BE /* WatchApp */ = {
			isa = PBXGroup;
			children = (
				E235D7AA24DF5B88007D95BE /* Interface.storyboard */,
				E235D7AD24DF5B89007D95BE /* Assets.xcassets */,
				E235D7AF24DF5B89007D95BE /* Info.plist */,
			);
			path = WatchApp;
			sourceTree = "<group>";
		};
		E235D7B824DF5B89007D95BE /* WatchApp Extension */ = {
			isa = PBXGroup;
			children = (
				E2D2D6F325E7E17B00C305DA /* Extensions */,
				E22E152824E06A6E002A140E /* Complication */,
				E22E152724E06A4F002A140E /* Startup */,
				E22E152624E0698B002A140E /* Views */,
				E235D7DB24E0374A007D95BE /* WatchApp Extension.entitlements */,
				E235D7C524DF5B89007D95BE /* Assets.xcassets */,
				E235D7CA24DF5B89007D95BE /* Info.plist */,
				E2BB0B5525DEA6A0004A1AB6 /* Localizable.strings */,
				E2BB0B6025DEA6DE004A1AB6 /* Localizable.stringsdict */,
				E235D7C724DF5B89007D95BE /* Preview Content */,
			);
			path = "WatchApp Extension";
			sourceTree = "<group>";
		};
		E235D7C724DF5B89007D95BE /* Preview Content */ = {
			isa = PBXGroup;
			children = (
				E235D7C824DF5B89007D95BE /* Preview Assets.xcassets */,
			);
			path = "Preview Content";
			sourceTree = "<group>";
		};
		E235D7D824E0372D007D95BE /* Frameworks */ = {
			isa = PBXGroup;
			children = (
				E281EBE3259A3CD800DF1CEB /* StoreKit.framework */,
				E235D7DC24E0374D007D95BE /* CloudKit.framework */,
				E235D7D924E0372D007D95BE /* CloudKit.framework */,
				E20F8A7F26D19C510016E2C7 /* WidgetKit.framework */,
				E20F8A8126D19C510016E2C7 /* SwiftUI.framework */,
				E252C78127D53BEE00B29F6A /* Intents.framework */,
			);
			name = Frameworks;
			sourceTree = "<group>";
		};
		E235D7E424E037B9007D95BE /* SimplistsKit */ = {
			isa = PBXGroup;
			children = (
				E235D7E524E037B9007D95BE /* SimplistsKit.h */,
				E235D7E624E037B9007D95BE /* Info.plist */,
				E27CDF5A24ECA7BC004B6A32 /* Simplists.xcdatamodeld */,
				E235D7F324E046D7007D95BE /* SMPStorage.swift */,
				E235D7FB24E04CC1007D95BE /* SMPListItem.swift */,
				E22E151F24E05BBC002A140E /* SMPList.swift */,
				E22E152B24E0809F002A140E /* SMP+CoreData.swift */,
				E22E152F24E0871D002A140E /* SMPPersistentContainer.swift */,
				E2AFBDBB24F16348008D9E3F /* ListEntity+Extensions.swift */,
				E2AFBDBE24F194CC008D9E3F /* SMPListSortOrderTransformer.swift */,
			);
			path = SimplistsKit;
			sourceTree = "<group>";
		};
		E250E1AB269B2B1500860DEC /* List */ = {
			isa = PBXGroup;
			children = (
				E20BD7782754057200671478 /* ConditionalHiddenModifier.swift */,
				E280799D26ECF539004A4559 /* ConditionalPaddingModifier.swift */,
				E280799B26ECEB0D004A4559 /* ConditionalWidthModifier.swift */,
				E250E1AF269B2B6C00860DEC /* ItemView.swift */,
				E23925B626A460BE00C59053 /* ListRowView.swift */,
				E250E1AD269B2B6C00860DEC /* ListView.swift */,
				E250E1AE269B2B6C00860DEC /* MoveToListView.swift */,
				E250E1AC269B2B6C00860DEC /* RenameListView.swift */,
				E218242A26D0325D00425947 /* SelectAllView.swift */,
			);
			path = List;
			sourceTree = "<group>";
		};
		E252C78327D53BEE00B29F6A /* SimplistsIntentHandler */ = {
			isa = PBXGroup;
			children = (
				E252C78A27D53BEE00B29F6A /* SimplistsIntentHandler.entitlements */,
				E252C78427D53BEE00B29F6A /* IntentHandler.swift */,
				E252C78627D53BEE00B29F6A /* Info.plist */,
			);
			path = SimplistsIntentHandler;
			sourceTree = "<group>";
		};
		E26D01DD257E71D3009049F3 /* Extensions */ = {
			isa = PBXGroup;
			children = (
				E2A376B325D1B4E2001D1615 /* UserDefaults+Extensions.swift */,
			);
			path = Extensions;
			sourceTree = "<group>";
		};
		E281FE0C26E3CA0100370D2D /* Views */ = {
			isa = PBXGroup;
			children = (
				E267533827D6417A00512CAC /* EmptyWidgetView.swift */,
				E281FE0726E3C62400370D2D /* MediumWidgetView.swift */,
				E281FE0926E3C63500370D2D /* LargeWidgetView.swift */,
				E203CBBD27F090C400651CEC /* ListView.swift */,
				E281FE0526E3C60E00370D2D /* SmallWidgetView.swift */,
				E2CE179526E69ADD00664BF3 /* WidgetItemView.swift */,
			);
			path = Views;
			sourceTree = "<group>";
		};
		E282850525F52A4500EE8997 /* Store */ = {
			isa = PBXGroup;
			children = (
				E2B62B9925E2C01A00898B21 /* WatchStoreView.swift */,
				E282850625F52A7700EE8997 /* WatchStoreErrorView.swift */,
				E282850E25F52E0B00EE8997 /* WatchPrivacyPolicyView.swift */,
				E282851325F52E2F00EE8997 /* WatchParagraphView.swift */,
			);
			path = Store;
			sourceTree = "<group>";
		};
		E2A32107250E8AC600A022B8 /* More */ = {
			isa = PBXGroup;
			children = (
				E21123DC2504441900B3D76D /* AboutView.swift */,
				E2B9C3A225CED96F0024B9F6 /* DebugView.swift */,
				E279EAC925D0480D00A38ED6 /* MailView.swift */,
				E2A32101250E628200A022B8 /* MoreView.swift */,
				E21123DA2504420700B3D76D /* PrivacyPolicyView.swift */,
				E228228725D09CAA009F4877 /* PrivacyPolicyParagraphView.swift */,
				E279EACE25D04D9D00A38ED6 /* WidgetView.swift */,
			);
			path = More;
			sourceTree = "<group>";
		};
		E2B62BAE25E2C67900898B21 /* Shared */ = {
			isa = PBXGroup;
			children = (
				E2F3819025C58E10002740F3 /* Configuration.storekit */,
				E26EBDA025C83ADB000D031D /* FreeLimits.swift */,
				E2F3819525C58F23002740F3 /* SKProduct+Extensions.swift */,
				E26D01E125810AED009049F3 /* StoreDataSource.swift */,
				E2F3818825C04D47002740F3 /* StoreService.swift */,
				E218230B25605F0200CAA92C /* String+Extensions.swift */,
			);
			path = Shared;
			sourceTree = "<group>";
		};
		E2B9C3A725CF039B0024B9F6 /* Store */ = {
			isa = PBXGroup;
			children = (
				E2C6671D25CF2FF20063D7E8 /* CannotPurchaseView.swift */,
				E281EBD8259A2C7400DF1CEB /* FeatureBulletView.swift */,
				E241A045258FBA7D000277BE /* StoreView.swift */,
				E2C6670B25CF1BD80063D7E8 /* PurchaseButtonsView.swift */,
				E2C6671025CF1F3B0063D7E8 /* FeaturesView.swift */,
				E2C6671825CF277D0063D7E8 /* PurchasedView.swift */,
				E2578B8025D033A600BCC948 /* PreviewModeWidget.swift */,
			);
			path = Store;
			sourceTree = "<group>";
		};
		E2D2D6F325E7E17B00C305DA /* Extensions */ = {
			isa = PBXGroup;
			children = (
				E2D2D6F425E7E18D00C305DA /* UserDefaults+Extensions.swift */,
			);
			path = Extensions;
			sourceTree = "<group>";
		};
/* End PBXGroup section */

/* Begin PBXHeadersBuildPhase section */
		E235D7DE24E037B9007D95BE /* Headers */ = {
			isa = PBXHeadersBuildPhase;
			buildActionMask = 2147483647;
			files = (
				E235D7E724E037B9007D95BE /* SimplistsKit.h in Headers */,
			);
			runOnlyForDeploymentPostprocessing = 0;
		};
/* End PBXHeadersBuildPhase section */

/* Begin PBXNativeTarget section */
		E20F8A7D26D19C510016E2C7 /* SimplistsWidgetExtension */ = {
			isa = PBXNativeTarget;
			buildConfigurationList = E20F8A9026D19C540016E2C7 /* Build configuration list for PBXNativeTarget "SimplistsWidgetExtension" */;
			buildPhases = (
				E20F8A7A26D19C510016E2C7 /* Sources */,
				E20F8A7B26D19C510016E2C7 /* Frameworks */,
				E20F8A7C26D19C510016E2C7 /* Resources */,
			);
			buildRules = (
			);
			dependencies = (
				E2D711E827D54F8700861956 /* PBXTargetDependency */,
			);
			name = SimplistsWidgetExtension;
			productName = SimplistsWidgetExtension;
			productReference = E20F8A7E26D19C510016E2C7 /* SimplistsWidgetExtension.appex */;
			productType = "com.apple.product-type.app-extension";
		};
		E235D78E24DF5B59007D95BE /* Simplists */ = {
			isa = PBXNativeTarget;
			buildConfigurationList = E235D7A324DF5B5A007D95BE /* Build configuration list for PBXNativeTarget "Simplists" */;
			buildPhases = (
				E235D78B24DF5B59007D95BE /* Sources */,
				E235D78C24DF5B59007D95BE /* Frameworks */,
				E235D78D24DF5B59007D95BE /* Resources */,
				E235D7D624DF5B89007D95BE /* Embed Watch Content */,
				E235D7EF24E037B9007D95BE /* Embed Frameworks */,
				E26DD857250905A500FCC495 /* SwiftLint */,
				E20F8A9326D19C540016E2C7 /* Embed App Extensions */,
			);
			buildRules = (
			);
			dependencies = (
				E235D7CD24DF5B89007D95BE /* PBXTargetDependency */,
				E235D7E924E037B9007D95BE /* PBXTargetDependency */,
				E20F8A8D26D19C540016E2C7 /* PBXTargetDependency */,
				E252C78827D53BEE00B29F6A /* PBXTargetDependency */,
			);
			name = Simplists;
			packageProductDependencies = (
			);
			productName = Simplists;
			productReference = E235D78F24DF5B59007D95BE /* Simplists.app */;
			productType = "com.apple.product-type.application";
		};
		E235D7A724DF5B88007D95BE /* WatchApp */ = {
			isa = PBXNativeTarget;
			buildConfigurationList = E235D7D324DF5B89007D95BE /* Build configuration list for PBXNativeTarget "WatchApp" */;
			buildPhases = (
				E235D7A624DF5B88007D95BE /* Resources */,
				E235D7D224DF5B89007D95BE /* Embed App Extensions */,
			);
			buildRules = (
			);
			dependencies = (
				E235D7B724DF5B89007D95BE /* PBXTargetDependency */,
			);
			name = WatchApp;
			productName = WatchApp;
			productReference = E235D7A824DF5B88007D95BE /* WatchApp.app */;
			productType = "com.apple.product-type.application.watchapp2";
		};
		E235D7B324DF5B89007D95BE /* WatchApp Extension */ = {
			isa = PBXNativeTarget;
			buildConfigurationList = E235D7CF24DF5B89007D95BE /* Build configuration list for PBXNativeTarget "WatchApp Extension" */;
			buildPhases = (
				E235D7B024DF5B89007D95BE /* Sources */,
				E235D7B124DF5B89007D95BE /* Frameworks */,
				E235D7B224DF5B89007D95BE /* Resources */,
				E235D80524E04E3E007D95BE /* Embed Frameworks */,
			);
			buildRules = (
			);
			dependencies = (
				E2C9648B27DE8A6900EA6704 /* PBXTargetDependency */,
			);
			name = "WatchApp Extension";
			productName = "WatchApp Extension";
			productReference = E235D7B424DF5B89007D95BE /* WatchApp Extension.appex */;
			productType = "com.apple.product-type.watchkit2-extension";
		};
		E235D7E224E037B9007D95BE /* SimplistsKit */ = {
			isa = PBXNativeTarget;
			buildConfigurationList = E235D7EC24E037B9007D95BE /* Build configuration list for PBXNativeTarget "SimplistsKit" */;
			buildPhases = (
				E235D7DE24E037B9007D95BE /* Headers */,
				E235D7DF24E037B9007D95BE /* Sources */,
				E235D7E024E037B9007D95BE /* Frameworks */,
				E235D7E124E037B9007D95BE /* Resources */,
			);
			buildRules = (
			);
			dependencies = (
			);
			name = SimplistsKit;
			productName = SimplistsKit;
			productReference = E235D7E324E037B9007D95BE /* SimplistsKit.framework */;
			productType = "com.apple.product-type.framework";
		};
		E252C77F27D53BEE00B29F6A /* SimplistsIntentHandler */ = {
			isa = PBXNativeTarget;
			buildConfigurationList = E252C78D27D53BEE00B29F6A /* Build configuration list for PBXNativeTarget "SimplistsIntentHandler" */;
			buildPhases = (
				E252C77C27D53BEE00B29F6A /* Sources */,
				E252C77D27D53BEE00B29F6A /* Frameworks */,
				E252C77E27D53BEE00B29F6A /* Resources */,
			);
			buildRules = (
			);
			dependencies = (
				E252C79027D542D800B29F6A /* PBXTargetDependency */,
			);
			name = SimplistsIntentHandler;
			productName = SimplistsIntentHandler;
			productReference = E252C78027D53BEE00B29F6A /* SimplistsIntentHandler.appex */;
			productType = "com.apple.product-type.app-extension";
		};
/* End PBXNativeTarget section */

/* Begin PBXProject section */
		E235D78724DF5B58007D95BE /* Project object */ = {
			isa = PBXProject;
			attributes = {
				LastSwiftUpdateCheck = 1330;
				LastUpgradeCheck = 1200;
				TargetAttributes = {
					E20F8A7D26D19C510016E2C7 = {
						CreatedOnToolsVersion = 13.0;
					};
					E235D78E24DF5B59007D95BE = {
						CreatedOnToolsVersion = 12.0;
					};
					E235D7A724DF5B88007D95BE = {
						CreatedOnToolsVersion = 12.0;
					};
					E235D7B324DF5B89007D95BE = {
						CreatedOnToolsVersion = 12.0;
					};
					E235D7E224E037B9007D95BE = {
						CreatedOnToolsVersion = 12.0;
						LastSwiftMigration = 1200;
					};
					E252C77F27D53BEE00B29F6A = {
						CreatedOnToolsVersion = 13.3;
					};
				};
			};
			buildConfigurationList = E235D78A24DF5B58007D95BE /* Build configuration list for PBXProject "Simplists" */;
			compatibilityVersion = "Xcode 9.3";
			developmentRegion = en;
			hasScannedForEncodings = 0;
			knownRegions = (
				en,
				Base,
			);
			mainGroup = E235D78624DF5B58007D95BE;
			packageReferences = (
			);
			productRefGroup = E235D79024DF5B59007D95BE /* Products */;
			projectDirPath = "";
			projectRoot = "";
			targets = (
				E235D78E24DF5B59007D95BE /* Simplists */,
				E235D7A724DF5B88007D95BE /* WatchApp */,
				E235D7B324DF5B89007D95BE /* WatchApp Extension */,
				E235D7E224E037B9007D95BE /* SimplistsKit */,
				E20F8A7D26D19C510016E2C7 /* SimplistsWidgetExtension */,
				E252C77F27D53BEE00B29F6A /* SimplistsIntentHandler */,
			);
		};
/* End PBXProject section */

/* Begin PBXResourcesBuildPhase section */
		E20F8A7C26D19C510016E2C7 /* Resources */ = {
			isa = PBXResourcesBuildPhase;
			buildActionMask = 2147483647;
			files = (
				E20F8A8826D19C540016E2C7 /* Assets.xcassets in Resources */,
				E21B627927E4B3A500A427CC /* Localizable.stringsdict in Resources */,
			);
			runOnlyForDeploymentPostprocessing = 0;
		};
		E235D78D24DF5B59007D95BE /* Resources */ = {
			isa = PBXResourcesBuildPhase;
			buildActionMask = 2147483647;
			files = (
				E235D79F24DF5B5A007D95BE /* LaunchScreen.storyboard in Resources */,
				E2F3819125C58E11002740F3 /* Configuration.storekit in Resources */,
				E2A320FE250D704700A022B8 /* Localizable.strings in Resources */,
				E22077C725AB941800866341 /* Localizable.stringsdict in Resources */,
				E235D79C24DF5B5A007D95BE /* PreviewAssets.xcassets in Resources */,
				E235D79924DF5B5A007D95BE /* Assets.xcassets in Resources */,
			);
			runOnlyForDeploymentPostprocessing = 0;
		};
		E235D7A624DF5B88007D95BE /* Resources */ = {
			isa = PBXResourcesBuildPhase;
			buildActionMask = 2147483647;
			files = (
				E235D7AE24DF5B89007D95BE /* Assets.xcassets in Resources */,
				E235D7AC24DF5B88007D95BE /* Interface.storyboard in Resources */,
			);
			runOnlyForDeploymentPostprocessing = 0;
		};
		E235D7B224DF5B89007D95BE /* Resources */ = {
			isa = PBXResourcesBuildPhase;
			buildActionMask = 2147483647;
			files = (
				E235D7C924DF5B89007D95BE /* Preview Assets.xcassets in Resources */,
				E2D2D70525EC456100C305DA /* Configuration.storekit in Resources */,
				E2BB0B5E25DEA6DE004A1AB6 /* Localizable.stringsdict in Resources */,
				E2BB0B5325DEA6A0004A1AB6 /* Localizable.strings in Resources */,
				E235D7C624DF5B89007D95BE /* Assets.xcassets in Resources */,
			);
			runOnlyForDeploymentPostprocessing = 0;
		};
		E235D7E124E037B9007D95BE /* Resources */ = {
			isa = PBXResourcesBuildPhase;
			buildActionMask = 2147483647;
			files = (
			);
			runOnlyForDeploymentPostprocessing = 0;
		};
		E252C77E27D53BEE00B29F6A /* Resources */ = {
			isa = PBXResourcesBuildPhase;
			buildActionMask = 2147483647;
			files = (
			);
			runOnlyForDeploymentPostprocessing = 0;
		};
/* End PBXResourcesBuildPhase section */

/* Begin PBXShellScriptBuildPhase section */
		E26DD857250905A500FCC495 /* SwiftLint */ = {
			isa = PBXShellScriptBuildPhase;
			buildActionMask = 2147483647;
			files = (
			);
			inputFileListPaths = (
			);
			inputPaths = (
			);
			name = SwiftLint;
			outputFileListPaths = (
			);
			outputPaths = (
			);
			runOnlyForDeploymentPostprocessing = 0;
			shellPath = /bin/sh;
			shellScript = "export PATH=\"$PATH:/opt/homebrew/bin\"\nif which swiftlint >/dev/null; then\n  swiftlint\nelse\n  echo \"warning: SwiftLint not installed, download from https://github.com/realm/SwiftLint\"\nfi\n";
		};
/* End PBXShellScriptBuildPhase section */

/* Begin PBXSourcesBuildPhase section */
		E20F8A7A26D19C510016E2C7 /* Sources */ = {
			isa = PBXSourcesBuildPhase;
			buildActionMask = 2147483647;
			files = (
				E281FE0826E3C62400370D2D /* MediumWidgetView.swift in Sources */,
				E267533927D6417A00512CAC /* EmptyWidgetView.swift in Sources */,
				E2CE179626E69ADD00664BF3 /* WidgetItemView.swift in Sources */,
				E257B09827D51EAD0077E35F /* ListSelection.intentdefinition in Sources */,
				E21B627A27E4B4D000A427CC /* String+Extensions.swift in Sources */,
				E281FE0A26E3C63500370D2D /* LargeWidgetView.swift in Sources */,
				E281FE0B26E3C63F00370D2D /* SmallWidgetView.swift in Sources */,
				E20F8A8526D19C510016E2C7 /* SimplistsWidget.swift in Sources */,
				E203CBBE27F090C400651CEC /* ListView.swift in Sources */,
			);
			runOnlyForDeploymentPostprocessing = 0;
		};
		E235D78B24DF5B59007D95BE /* Sources */ = {
			isa = PBXSourcesBuildPhase;
			buildActionMask = 2147483647;
			files = (
				E235D79324DF5B59007D95BE /* AppDelegate.swift in Sources */,
				E2F3818925C04D47002740F3 /* StoreService.swift in Sources */,
				E256DD6924F2E98600649855 /* FocusableTextField.swift in Sources */,
				E20BD7792754057200671478 /* ConditionalHiddenModifier.swift in Sources */,
				E250E1B3269B2B6C00860DEC /* ItemView.swift in Sources */,
				E250E1B0269B2B6C00860DEC /* RenameListView.swift in Sources */,
				E21123DD2504441900B3D76D /* AboutView.swift in Sources */,
				E279EACA25D0480D00A38ED6 /* MailView.swift in Sources */,
				E228228825D09CAA009F4877 /* PrivacyPolicyParagraphView.swift in Sources */,
				E250E1B2269B2B6C00860DEC /* MoveToListView.swift in Sources */,
				E250E1B1269B2B6C00860DEC /* ListView.swift in Sources */,
				E218242B26D0325D00425947 /* SelectAllView.swift in Sources */,
				E280799C26ECEB0D004A4559 /* ConditionalWidthModifier.swift in Sources */,
				E2A32102250E628200A022B8 /* MoreView.swift in Sources */,
				E2A376B425D1B4E2001D1615 /* UserDefaults+Extensions.swift in Sources */,
				E26EBDA125C83ADB000D031D /* FreeLimits.swift in Sources */,
				E22E152324E060C2002A140E /* HomeView.swift in Sources */,
				E2B9C3A325CED96F0024B9F6 /* DebugView.swift in Sources */,
				E2029FFA25FB9E3300490043 /* ReviewHelper.swift in Sources */,
				E281EBD9259A2C7400DF1CEB /* FeatureBulletView.swift in Sources */,
				E2C6670725CF17010063D7E8 /* ErrorMessageView.swift in Sources */,
				E279EACF25D04D9D00A38ED6 /* WidgetView.swift in Sources */,
				E2F559B427D97E3C007DA24A /* OpenURLContext.swift in Sources */,
				E26D01E225810AED009049F3 /* StoreDataSource.swift in Sources */,
				E2A0302825B4CE81003BD447 /* EmptyStateView.swift in Sources */,
				E21123DB2504420700B3D76D /* PrivacyPolicyView.swift in Sources */,
				E23925B726A460BE00C59053 /* ListRowView.swift in Sources */,
				E26DD859250BA13E00FCC495 /* AuthenticationErrorView.swift in Sources */,
				E218230C25605F0200CAA92C /* String+Extensions.swift in Sources */,
				E22C615D255432710004B561 /* ArchivedListsView.swift in Sources */,
				E280799E26ECF539004A4559 /* ConditionalPaddingModifier.swift in Sources */,
				E2C6671925CF277D0063D7E8 /* PurchasedView.swift in Sources */,
				E235D79524DF5B59007D95BE /* SceneDelegate.swift in Sources */,
				E2C6670C25CF1BD80063D7E8 /* PurchaseButtonsView.swift in Sources */,
				E2C6671125CF1F3B0063D7E8 /* FeaturesView.swift in Sources */,
				E241A046258FBA7D000277BE /* StoreView.swift in Sources */,
				E2ECD76124F74B560046AEC9 /* NavBarItemsView.swift in Sources */,
				E2578B8125D033A600BCC948 /* PreviewModeWidget.swift in Sources */,
				E2C6671E25CF2FF20063D7E8 /* CannotPurchaseView.swift in Sources */,
				E2F3819625C58F23002740F3 /* SKProduct+Extensions.swift in Sources */,
			);
			runOnlyForDeploymentPostprocessing = 0;
		};
		E235D7B024DF5B89007D95BE /* Sources */ = {
			isa = PBXSourcesBuildPhase;
			buildActionMask = 2147483647;
			files = (
				E2BB0B6525DEA9FD004A1AB6 /* WatchListHeaderView.swift in Sources */,
				E282850725F52A7700EE8997 /* WatchStoreErrorView.swift in Sources */,
				E235D7BC24DF5B89007D95BE /* WatchListView.swift in Sources */,
				E282850F25F52E0B00EE8997 /* WatchPrivacyPolicyView.swift in Sources */,
				E235D7FA24E04C3F007D95BE /* WatchListItemView.swift in Sources */,
				E2A60FFA25E1C9AD000F492C /* WatchNewListView.swift in Sources */,
				E235D7BA24DF5B89007D95BE /* HostingController.swift in Sources */,
				E2D2D70125EC455C00C305DA /* SKProduct+Extensions.swift in Sources */,
				E235D7BE24DF5B89007D95BE /* ExtensionDelegate.swift in Sources */,
				E2B62B9A25E2C01A00898B21 /* WatchStoreView.swift in Sources */,
				E2BB0B4F25DEA327004A1AB6 /* String+Extensions.swift in Sources */,
				E26D345525E3E88900EE3C3E /* WatchDebugView.swift in Sources */,
				E2D2D6FD25EC42AD00C305DA /* StoreDataSource.swift in Sources */,
				E22E152A24E0769E002A140E /* WatchHomeView.swift in Sources */,
				E282851425F52E2F00EE8997 /* WatchParagraphView.swift in Sources */,
				E2B62BAF25E2C68E00898B21 /* FreeLimits.swift in Sources */,
				E2D2D6FC25EC42AD00C305DA /* StoreService.swift in Sources */,
				E20F8A7926D18CF10016E2C7 /* InlineNavBarTitleDisplayMode.swift in Sources */,
				E24FACA4251CEC7C002B0B97 /* WatchAuthenticationErrorView.swift in Sources */,
				E235D7C424DF5B89007D95BE /* ComplicationController.swift in Sources */,
				E2D2D6F525E7E18D00C305DA /* UserDefaults+Extensions.swift in Sources */,
				E2A6100525E2A67F000F492C /* WatchNewItemView.swift in Sources */,
			);
			runOnlyForDeploymentPostprocessing = 0;
		};
		E235D7DF24E037B9007D95BE /* Sources */ = {
			isa = PBXSourcesBuildPhase;
			buildActionMask = 2147483647;
			files = (
				E235D7F424E046D7007D95BE /* SMPStorage.swift in Sources */,
				E27CDF5C24ECA7BC004B6A32 /* Simplists.xcdatamodeld in Sources */,
				E22E152C24E0809F002A140E /* SMP+CoreData.swift in Sources */,
				E22E152024E05BBC002A140E /* SMPList.swift in Sources */,
				E235D7FC24E04CC1007D95BE /* SMPListItem.swift in Sources */,
				E2AFBDBF24F194CC008D9E3F /* SMPListSortOrderTransformer.swift in Sources */,
				E2AFBDBC24F16348008D9E3F /* ListEntity+Extensions.swift in Sources */,
				E22E153024E0871D002A140E /* SMPPersistentContainer.swift in Sources */,
			);
			runOnlyForDeploymentPostprocessing = 0;
		};
		E252C77C27D53BEE00B29F6A /* Sources */ = {
			isa = PBXSourcesBuildPhase;
			buildActionMask = 2147483647;
			files = (
				E252C78527D53BEE00B29F6A /* IntentHandler.swift in Sources */,
				E252C78E27D53D4F00B29F6A /* ListSelection.intentdefinition in Sources */,
			);
			runOnlyForDeploymentPostprocessing = 0;
		};
/* End PBXSourcesBuildPhase section */

/* Begin PBXTargetDependency section */
		E20F8A8D26D19C540016E2C7 /* PBXTargetDependency */ = {
			isa = PBXTargetDependency;
			target = E20F8A7D26D19C510016E2C7 /* SimplistsWidgetExtension */;
			targetProxy = E20F8A8C26D19C540016E2C7 /* PBXContainerItemProxy */;
		};
		E235D7B724DF5B89007D95BE /* PBXTargetDependency */ = {
			isa = PBXTargetDependency;
			target = E235D7B324DF5B89007D95BE /* WatchApp Extension */;
			targetProxy = E235D7B624DF5B89007D95BE /* PBXContainerItemProxy */;
		};
		E235D7CD24DF5B89007D95BE /* PBXTargetDependency */ = {
			isa = PBXTargetDependency;
			platformFilter = ios;
			target = E235D7A724DF5B88007D95BE /* WatchApp */;
			targetProxy = E235D7CC24DF5B89007D95BE /* PBXContainerItemProxy */;
		};
		E235D7E924E037B9007D95BE /* PBXTargetDependency */ = {
			isa = PBXTargetDependency;
			target = E235D7E224E037B9007D95BE /* SimplistsKit */;
			targetProxy = E235D7E824E037B9007D95BE /* PBXContainerItemProxy */;
		};
		E252C78827D53BEE00B29F6A /* PBXTargetDependency */ = {
			isa = PBXTargetDependency;
			target = E252C77F27D53BEE00B29F6A /* SimplistsIntentHandler */;
			targetProxy = E252C78727D53BEE00B29F6A /* PBXContainerItemProxy */;
		};
		E252C79027D542D800B29F6A /* PBXTargetDependency */ = {
			isa = PBXTargetDependency;
			target = E235D7E224E037B9007D95BE /* SimplistsKit */;
			targetProxy = E252C78F27D542D800B29F6A /* PBXContainerItemProxy */;
		};
		E2C9648B27DE8A6900EA6704 /* PBXTargetDependency */ = {
			isa = PBXTargetDependency;
			target = E235D7E224E037B9007D95BE /* SimplistsKit */;
			targetProxy = E2C9648A27DE8A6900EA6704 /* PBXContainerItemProxy */;
		};
		E2D711E827D54F8700861956 /* PBXTargetDependency */ = {
			isa = PBXTargetDependency;
			target = E235D7E224E037B9007D95BE /* SimplistsKit */;
			targetProxy = E2D711E727D54F8700861956 /* PBXContainerItemProxy */;
		};
/* End PBXTargetDependency section */

/* Begin PBXVariantGroup section */
		E22077C925AB941800866341 /* Localizable.stringsdict */ = {
			isa = PBXVariantGroup;
			children = (
				E22077C825AB941800866341 /* en */,
			);
			name = Localizable.stringsdict;
			sourceTree = "<group>";
		};
		E235D79D24DF5B5A007D95BE /* LaunchScreen.storyboard */ = {
			isa = PBXVariantGroup;
			children = (
				E235D79E24DF5B5A007D95BE /* Base */,
			);
			name = LaunchScreen.storyboard;
			sourceTree = "<group>";
		};
		E235D7AA24DF5B88007D95BE /* Interface.storyboard */ = {
			isa = PBXVariantGroup;
			children = (
				E235D7AB24DF5B88007D95BE /* Base */,
			);
			name = Interface.storyboard;
			sourceTree = "<group>";
		};
		E2A32100250D704700A022B8 /* Localizable.strings */ = {
			isa = PBXVariantGroup;
			children = (
				E2A320FF250D704700A022B8 /* en */,
			);
			name = Localizable.strings;
			sourceTree = "<group>";
		};
		E2BB0B5525DEA6A0004A1AB6 /* Localizable.strings */ = {
			isa = PBXVariantGroup;
			children = (
				E2BB0B5425DEA6A0004A1AB6 /* en */,
			);
			name = Localizable.strings;
			sourceTree = "<group>";
		};
		E2BB0B6025DEA6DE004A1AB6 /* Localizable.stringsdict */ = {
			isa = PBXVariantGroup;
			children = (
				E2BB0B5F25DEA6DE004A1AB6 /* en */,
			);
			name = Localizable.stringsdict;
			sourceTree = "<group>";
		};
/* End PBXVariantGroup section */

/* Begin XCBuildConfiguration section */
		E20F8A9126D19C540016E2C7 /* Debug */ = {
			isa = XCBuildConfiguration;
			buildSettings = {
				ASSETCATALOG_COMPILER_GLOBAL_ACCENT_COLOR_NAME = AccentColor;
				ASSETCATALOG_COMPILER_WIDGET_BACKGROUND_COLOR_NAME = WidgetBackground;
				CLANG_CXX_LANGUAGE_STANDARD = "gnu++17";
				CODE_SIGN_ENTITLEMENTS = SimplistsWidgetExtension.entitlements;
				CODE_SIGN_STYLE = Automatic;
				DEVELOPMENT_TEAM = 25V97QMNV5;
				GENERATE_INFOPLIST_FILE = YES;
				INFOPLIST_FILE = SimplistsWidget/Info.plist;
				INFOPLIST_KEY_CFBundleDisplayName = SimplistsWidget;
				INFOPLIST_KEY_NSHumanReadableCopyright = "";
				LD_RUNPATH_SEARCH_PATHS = (
					"$(inherited)",
					"@executable_path/Frameworks",
					"@executable_path/../../Frameworks",
				);
				MARKETING_VERSION = 2022.2;
				PRODUCT_BUNDLE_IDENTIFIER = com.sleekible.Simplists.debug.SimplistsWidget;
				PRODUCT_NAME = "$(TARGET_NAME)";
				SKIP_INSTALL = YES;
				SUPPORTS_MACCATALYST = YES;
				SWIFT_EMIT_LOC_STRINGS = YES;
				SWIFT_VERSION = 5.0;
				TARGETED_DEVICE_FAMILY = "1,2";
			};
			name = Debug;
		};
		E20F8A9226D19C540016E2C7 /* Release */ = {
			isa = XCBuildConfiguration;
			buildSettings = {
				ASSETCATALOG_COMPILER_GLOBAL_ACCENT_COLOR_NAME = AccentColor;
				ASSETCATALOG_COMPILER_WIDGET_BACKGROUND_COLOR_NAME = WidgetBackground;
				CLANG_CXX_LANGUAGE_STANDARD = "gnu++17";
				CODE_SIGN_ENTITLEMENTS = SimplistsWidgetExtension.entitlements;
				CODE_SIGN_STYLE = Automatic;
				DEVELOPMENT_TEAM = 25V97QMNV5;
				GENERATE_INFOPLIST_FILE = YES;
				INFOPLIST_FILE = SimplistsWidget/Info.plist;
				INFOPLIST_KEY_CFBundleDisplayName = SimplistsWidget;
				INFOPLIST_KEY_NSHumanReadableCopyright = "";
				LD_RUNPATH_SEARCH_PATHS = (
					"$(inherited)",
					"@executable_path/Frameworks",
					"@executable_path/../../Frameworks",
				);
				MARKETING_VERSION = 2022.2;
				PRODUCT_BUNDLE_IDENTIFIER = com.sleekible.Simplists.SimplistsWidget;
				PRODUCT_NAME = "$(TARGET_NAME)";
				SKIP_INSTALL = YES;
				SUPPORTS_MACCATALYST = YES;
				SWIFT_EMIT_LOC_STRINGS = YES;
				SWIFT_VERSION = 5.0;
				TARGETED_DEVICE_FAMILY = "1,2";
			};
			name = Release;
		};
		E235D7A124DF5B5A007D95BE /* Debug */ = {
			isa = XCBuildConfiguration;
			buildSettings = {
				ALWAYS_SEARCH_USER_PATHS = NO;
				CLANG_ANALYZER_NONNULL = YES;
				CLANG_ANALYZER_NUMBER_OBJECT_CONVERSION = YES_AGGRESSIVE;
				CLANG_CXX_LANGUAGE_STANDARD = "gnu++14";
				CLANG_CXX_LIBRARY = "libc++";
				CLANG_ENABLE_MODULES = YES;
				CLANG_ENABLE_OBJC_ARC = YES;
				CLANG_ENABLE_OBJC_WEAK = YES;
				CLANG_WARN_BLOCK_CAPTURE_AUTORELEASING = YES;
				CLANG_WARN_BOOL_CONVERSION = YES;
				CLANG_WARN_COMMA = YES;
				CLANG_WARN_CONSTANT_CONVERSION = YES;
				CLANG_WARN_DEPRECATED_OBJC_IMPLEMENTATIONS = YES;
				CLANG_WARN_DIRECT_OBJC_ISA_USAGE = YES_ERROR;
				CLANG_WARN_DOCUMENTATION_COMMENTS = YES;
				CLANG_WARN_EMPTY_BODY = YES;
				CLANG_WARN_ENUM_CONVERSION = YES;
				CLANG_WARN_INFINITE_RECURSION = YES;
				CLANG_WARN_INT_CONVERSION = YES;
				CLANG_WARN_NON_LITERAL_NULL_CONVERSION = YES;
				CLANG_WARN_OBJC_IMPLICIT_RETAIN_SELF = YES;
				CLANG_WARN_OBJC_LITERAL_CONVERSION = YES;
				CLANG_WARN_OBJC_ROOT_CLASS = YES_ERROR;
				CLANG_WARN_QUOTED_INCLUDE_IN_FRAMEWORK_HEADER = YES;
				CLANG_WARN_RANGE_LOOP_ANALYSIS = YES;
				CLANG_WARN_STRICT_PROTOTYPES = YES;
				CLANG_WARN_SUSPICIOUS_MOVE = YES;
				CLANG_WARN_UNGUARDED_AVAILABILITY = YES_AGGRESSIVE;
				CLANG_WARN_UNREACHABLE_CODE = YES;
				CLANG_WARN__DUPLICATE_METHOD_MATCH = YES;
				COPY_PHASE_STRIP = NO;
				CURRENT_PROJECT_VERSION = 1;
				DEBUG_INFORMATION_FORMAT = dwarf;
				ENABLE_STRICT_OBJC_MSGSEND = YES;
				ENABLE_TESTABILITY = YES;
				GCC_C_LANGUAGE_STANDARD = gnu11;
				GCC_DYNAMIC_NO_PIC = NO;
				GCC_NO_COMMON_BLOCKS = YES;
				GCC_OPTIMIZATION_LEVEL = 0;
				GCC_PREPROCESSOR_DEFINITIONS = (
					"DEBUG=1",
					"$(inherited)",
				);
				GCC_WARN_64_TO_32_BIT_CONVERSION = YES;
				GCC_WARN_ABOUT_RETURN_TYPE = YES_ERROR;
				GCC_WARN_UNDECLARED_SELECTOR = YES;
				GCC_WARN_UNINITIALIZED_AUTOS = YES_AGGRESSIVE;
				GCC_WARN_UNUSED_FUNCTION = YES;
				GCC_WARN_UNUSED_VARIABLE = YES;
				IPHONEOS_DEPLOYMENT_TARGET = 14.0;
				MTL_ENABLE_DEBUG_INFO = INCLUDE_SOURCE;
				MTL_FAST_MATH = YES;
				ONLY_ACTIVE_ARCH = YES;
				SDKROOT = iphoneos;
				SWIFT_ACTIVE_COMPILATION_CONDITIONS = DEBUG;
				SWIFT_OPTIMIZATION_LEVEL = "-Onone";
				WATCHOS_DEPLOYMENT_TARGET = 7.0;
			};
			name = Debug;
		};
		E235D7A224DF5B5A007D95BE /* Release */ = {
			isa = XCBuildConfiguration;
			buildSettings = {
				ALWAYS_SEARCH_USER_PATHS = NO;
				CLANG_ANALYZER_NONNULL = YES;
				CLANG_ANALYZER_NUMBER_OBJECT_CONVERSION = YES_AGGRESSIVE;
				CLANG_CXX_LANGUAGE_STANDARD = "gnu++14";
				CLANG_CXX_LIBRARY = "libc++";
				CLANG_ENABLE_MODULES = YES;
				CLANG_ENABLE_OBJC_ARC = YES;
				CLANG_ENABLE_OBJC_WEAK = YES;
				CLANG_WARN_BLOCK_CAPTURE_AUTORELEASING = YES;
				CLANG_WARN_BOOL_CONVERSION = YES;
				CLANG_WARN_COMMA = YES;
				CLANG_WARN_CONSTANT_CONVERSION = YES;
				CLANG_WARN_DEPRECATED_OBJC_IMPLEMENTATIONS = YES;
				CLANG_WARN_DIRECT_OBJC_ISA_USAGE = YES_ERROR;
				CLANG_WARN_DOCUMENTATION_COMMENTS = YES;
				CLANG_WARN_EMPTY_BODY = YES;
				CLANG_WARN_ENUM_CONVERSION = YES;
				CLANG_WARN_INFINITE_RECURSION = YES;
				CLANG_WARN_INT_CONVERSION = YES;
				CLANG_WARN_NON_LITERAL_NULL_CONVERSION = YES;
				CLANG_WARN_OBJC_IMPLICIT_RETAIN_SELF = YES;
				CLANG_WARN_OBJC_LITERAL_CONVERSION = YES;
				CLANG_WARN_OBJC_ROOT_CLASS = YES_ERROR;
				CLANG_WARN_QUOTED_INCLUDE_IN_FRAMEWORK_HEADER = YES;
				CLANG_WARN_RANGE_LOOP_ANALYSIS = YES;
				CLANG_WARN_STRICT_PROTOTYPES = YES;
				CLANG_WARN_SUSPICIOUS_MOVE = YES;
				CLANG_WARN_UNGUARDED_AVAILABILITY = YES_AGGRESSIVE;
				CLANG_WARN_UNREACHABLE_CODE = YES;
				CLANG_WARN__DUPLICATE_METHOD_MATCH = YES;
				COPY_PHASE_STRIP = NO;
				CURRENT_PROJECT_VERSION = 1;
				DEBUG_INFORMATION_FORMAT = "dwarf-with-dsym";
				ENABLE_NS_ASSERTIONS = NO;
				ENABLE_STRICT_OBJC_MSGSEND = YES;
				GCC_C_LANGUAGE_STANDARD = gnu11;
				GCC_NO_COMMON_BLOCKS = YES;
				GCC_WARN_64_TO_32_BIT_CONVERSION = YES;
				GCC_WARN_ABOUT_RETURN_TYPE = YES_ERROR;
				GCC_WARN_UNDECLARED_SELECTOR = YES;
				GCC_WARN_UNINITIALIZED_AUTOS = YES_AGGRESSIVE;
				GCC_WARN_UNUSED_FUNCTION = YES;
				GCC_WARN_UNUSED_VARIABLE = YES;
				IPHONEOS_DEPLOYMENT_TARGET = 14.0;
				MTL_ENABLE_DEBUG_INFO = NO;
				MTL_FAST_MATH = YES;
				SDKROOT = iphoneos;
				SWIFT_COMPILATION_MODE = wholemodule;
				SWIFT_OPTIMIZATION_LEVEL = "-O";
				VALIDATE_PRODUCT = YES;
				WATCHOS_DEPLOYMENT_TARGET = 7.0;
			};
			name = Release;
		};
		E235D7A424DF5B5A007D95BE /* Debug */ = {
			isa = XCBuildConfiguration;
			buildSettings = {
				ALWAYS_EMBED_SWIFT_STANDARD_LIBRARIES = YES;
				ASSETCATALOG_COMPILER_APPICON_NAME = "AppIcon-Debug";
				ASSETCATALOG_COMPILER_GLOBAL_ACCENT_COLOR_NAME = AccentColor;
				BUNDLE_DISPLAY_NAME = "Snaplists Debug";
				CODE_SIGN_ENTITLEMENTS = Simplists/Simplists.entitlements;
				CODE_SIGN_STYLE = Automatic;
				DEVELOPMENT_ASSET_PATHS = Simplists/PreviewContent;
				DEVELOPMENT_TEAM = 25V97QMNV5;
				ENABLE_PREVIEWS = YES;
				INFOPLIST_FILE = Simplists/Info.plist;
				LD_RUNPATH_SEARCH_PATHS = (
					"$(inherited)",
					"@executable_path/Frameworks",
				);
				MARKETING_VERSION = 2022.2;
				PRODUCT_BUNDLE_IDENTIFIER = com.sleekible.Simplists.debug;
				PRODUCT_NAME = "$(TARGET_NAME)";
				SUPPORTS_MACCATALYST = YES;
				SWIFT_VERSION = 5.0;
				TARGETED_DEVICE_FAMILY = "1,2";
			};
			name = Debug;
		};
		E235D7A524DF5B5A007D95BE /* Release */ = {
			isa = XCBuildConfiguration;
			buildSettings = {
				ALWAYS_EMBED_SWIFT_STANDARD_LIBRARIES = YES;
				ASSETCATALOG_COMPILER_APPICON_NAME = AppIcon;
				ASSETCATALOG_COMPILER_GLOBAL_ACCENT_COLOR_NAME = AccentColor;
				BUNDLE_DISPLAY_NAME = Snaplists;
				CODE_SIGN_ENTITLEMENTS = Simplists/Simplists.entitlements;
				CODE_SIGN_STYLE = Automatic;
				DEVELOPMENT_ASSET_PATHS = Simplists/PreviewContent;
				DEVELOPMENT_TEAM = 25V97QMNV5;
				ENABLE_PREVIEWS = YES;
				INFOPLIST_FILE = Simplists/Info.plist;
				LD_RUNPATH_SEARCH_PATHS = (
					"$(inherited)",
					"@executable_path/Frameworks",
				);
				MARKETING_VERSION = 2022.2;
				PRODUCT_BUNDLE_IDENTIFIER = com.sleekible.Simplists;
				PRODUCT_NAME = "$(TARGET_NAME)";
				SUPPORTS_MACCATALYST = YES;
				SWIFT_VERSION = 5.0;
				TARGETED_DEVICE_FAMILY = "1,2";
			};
			name = Release;
		};
		E235D7D024DF5B89007D95BE /* Debug */ = {
			isa = XCBuildConfiguration;
			buildSettings = {
				ASSETCATALOG_COMPILER_COMPLICATION_NAME = Complication;
				CODE_SIGN_ENTITLEMENTS = "WatchApp Extension/WatchApp Extension.entitlements";
				CODE_SIGN_STYLE = Automatic;
				DEVELOPMENT_ASSET_PATHS = "\"WatchApp Extension/Preview Content\"";
				DEVELOPMENT_TEAM = 25V97QMNV5;
				ENABLE_PREVIEWS = YES;
				INFOPLIST_FILE = "WatchApp Extension/Info.plist";
				LD_RUNPATH_SEARCH_PATHS = (
					"$(inherited)",
					"@executable_path/Frameworks",
					"@executable_path/../../Frameworks",
				);
				MARKETING_VERSION = 2022.2;
				PRODUCT_BUNDLE_IDENTIFIER = com.sleekible.Simplists.debug.watchkitapp.watchkitextension;
				PRODUCT_NAME = "${TARGET_NAME}";
				SDKROOT = watchos;
				SKIP_INSTALL = YES;
				SWIFT_VERSION = 5.0;
				TARGETED_DEVICE_FAMILY = 4;
				WATCH_APP_BUNDLE_ID = com.sleekible.Simplists.debug.watchkitapp;
			};
			name = Debug;
		};
		E235D7D124DF5B89007D95BE /* Release */ = {
			isa = XCBuildConfiguration;
			buildSettings = {
				ASSETCATALOG_COMPILER_COMPLICATION_NAME = Complication;
				CODE_SIGN_ENTITLEMENTS = "WatchApp Extension/WatchApp Extension.entitlements";
				CODE_SIGN_STYLE = Automatic;
				DEVELOPMENT_ASSET_PATHS = "\"WatchApp Extension/Preview Content\"";
				DEVELOPMENT_TEAM = 25V97QMNV5;
				ENABLE_PREVIEWS = YES;
				INFOPLIST_FILE = "WatchApp Extension/Info.plist";
				LD_RUNPATH_SEARCH_PATHS = (
					"$(inherited)",
					"@executable_path/Frameworks",
					"@executable_path/../../Frameworks",
				);
				MARKETING_VERSION = 2022.2;
				PRODUCT_BUNDLE_IDENTIFIER = com.sleekible.Simplists.watchkitapp.watchkitextension;
				PRODUCT_NAME = "${TARGET_NAME}";
				SDKROOT = watchos;
				SKIP_INSTALL = YES;
				SWIFT_VERSION = 5.0;
				TARGETED_DEVICE_FAMILY = 4;
				WATCH_APP_BUNDLE_ID = com.sleekible.Simplists.watchkitapp;
			};
			name = Release;
		};
		E235D7D424DF5B89007D95BE /* Debug */ = {
			isa = XCBuildConfiguration;
			buildSettings = {
				ALWAYS_EMBED_SWIFT_STANDARD_LIBRARIES = YES;
				ASSETCATALOG_COMPILER_APPICON_NAME = "AppIcon-Debug";
				ASSETCATALOG_COMPILER_GLOBAL_ACCENT_COLOR_NAME = AccentColor;
				BUNDLE_DISPLAY_NAME = "Snaplists Debug";
				CODE_SIGN_STYLE = Automatic;
				COMPANION_APP_BUNDLE_ID = com.sleekible.Simplists.debug;
				DEVELOPMENT_TEAM = 25V97QMNV5;
				IBSC_MODULE = WatchApp_Extension;
				INFOPLIST_FILE = WatchApp/Info.plist;
				MARKETING_VERSION = 2022.2;
				PRODUCT_BUNDLE_IDENTIFIER = com.sleekible.Simplists.debug.watchkitapp;
				PRODUCT_NAME = "$(TARGET_NAME)";
				SDKROOT = watchos;
				SKIP_INSTALL = YES;
				SWIFT_VERSION = 5.0;
				TARGETED_DEVICE_FAMILY = 4;
			};
			name = Debug;
		};
		E235D7D524DF5B89007D95BE /* Release */ = {
			isa = XCBuildConfiguration;
			buildSettings = {
				ALWAYS_EMBED_SWIFT_STANDARD_LIBRARIES = YES;
				ASSETCATALOG_COMPILER_APPICON_NAME = AppIcon;
				ASSETCATALOG_COMPILER_GLOBAL_ACCENT_COLOR_NAME = AccentColor;
				BUNDLE_DISPLAY_NAME = Snaplists;
				CODE_SIGN_STYLE = Automatic;
				COMPANION_APP_BUNDLE_ID = com.sleekible.Simplists;
				DEVELOPMENT_TEAM = 25V97QMNV5;
				IBSC_MODULE = WatchApp_Extension;
				INFOPLIST_FILE = WatchApp/Info.plist;
				MARKETING_VERSION = 2022.2;
				PRODUCT_BUNDLE_IDENTIFIER = com.sleekible.Simplists.watchkitapp;
				PRODUCT_NAME = "$(TARGET_NAME)";
				SDKROOT = watchos;
				SKIP_INSTALL = YES;
				SWIFT_VERSION = 5.0;
				TARGETED_DEVICE_FAMILY = 4;
			};
			name = Release;
		};
		E235D7ED24E037B9007D95BE /* Debug */ = {
			isa = XCBuildConfiguration;
			buildSettings = {
				ALLOW_TARGET_PLATFORM_SPECIALIZATION = YES;
				APPLICATION_EXTENSION_API_ONLY = YES;
				CLANG_ENABLE_MODULES = YES;
				CODE_SIGN_STYLE = Automatic;
				DEFINES_MODULE = YES;
				DEVELOPMENT_TEAM = 25V97QMNV5;
				DYLIB_COMPATIBILITY_VERSION = 1;
				DYLIB_CURRENT_VERSION = 1;
				DYLIB_INSTALL_NAME_BASE = "@rpath";
				INFOPLIST_FILE = SimplistsKit/Info.plist;
				INSTALL_PATH = "$(LOCAL_LIBRARY_DIR)/Frameworks";
				LD_RUNPATH_SEARCH_PATHS = (
					"$(inherited)",
					"@executable_path/Frameworks",
					"@loader_path/Frameworks",
				);
				MARKETING_VERSION = 2022.2;
				PRODUCT_BUNDLE_IDENTIFIER = com.sleekible.SimplistsKit.debug;
				PRODUCT_NAME = "$(TARGET_NAME:c99extidentifier)";
				SKIP_INSTALL = YES;
				SUPPORTED_PLATFORMS = "watchsimulator watchos macosx iphonesimulator iphoneos driverkit appletvsimulator appletvos";
				SUPPORTS_MACCATALYST = YES;
				SWIFT_OPTIMIZATION_LEVEL = "-Onone";
				SWIFT_VERSION = 5.0;
				TARGETED_DEVICE_FAMILY = "1,2";
				VERSION_INFO_PREFIX = "";
			};
			name = Debug;
		};
		E235D7EE24E037B9007D95BE /* Release */ = {
			isa = XCBuildConfiguration;
			buildSettings = {
				ALLOW_TARGET_PLATFORM_SPECIALIZATION = YES;
				APPLICATION_EXTENSION_API_ONLY = YES;
				CLANG_ENABLE_MODULES = YES;
				CODE_SIGN_STYLE = Automatic;
				DEFINES_MODULE = YES;
				DEVELOPMENT_TEAM = 25V97QMNV5;
				DYLIB_COMPATIBILITY_VERSION = 1;
				DYLIB_CURRENT_VERSION = 1;
				DYLIB_INSTALL_NAME_BASE = "@rpath";
				INFOPLIST_FILE = SimplistsKit/Info.plist;
				INSTALL_PATH = "$(LOCAL_LIBRARY_DIR)/Frameworks";
				LD_RUNPATH_SEARCH_PATHS = (
					"$(inherited)",
					"@executable_path/Frameworks",
					"@loader_path/Frameworks",
				);
				MARKETING_VERSION = 2022.2;
				PRODUCT_BUNDLE_IDENTIFIER = com.sleekible.SimplistsKit;
				PRODUCT_NAME = "$(TARGET_NAME:c99extidentifier)";
				SKIP_INSTALL = YES;
				SUPPORTED_PLATFORMS = "watchsimulator watchos macosx iphonesimulator iphoneos driverkit appletvsimulator appletvos";
				SUPPORTS_MACCATALYST = YES;
				SWIFT_VERSION = 5.0;
				TARGETED_DEVICE_FAMILY = "1,2";
				VERSION_INFO_PREFIX = "";
			};
			name = Release;
		};
		E252C78B27D53BEE00B29F6A /* Debug */ = {
			isa = XCBuildConfiguration;
			buildSettings = {
				CLANG_CXX_LANGUAGE_STANDARD = "gnu++17";
				CODE_SIGN_ENTITLEMENTS = SimplistsIntentHandler/SimplistsIntentHandler.entitlements;
				CODE_SIGN_STYLE = Automatic;
				DEVELOPMENT_TEAM = 25V97QMNV5;
				GENERATE_INFOPLIST_FILE = YES;
				INFOPLIST_FILE = SimplistsIntentHandler/Info.plist;
				INFOPLIST_KEY_CFBundleDisplayName = SimplistsIntentHandler;
				INFOPLIST_KEY_NSHumanReadableCopyright = "";
				IPHONEOS_DEPLOYMENT_TARGET = 15.4;
				LD_RUNPATH_SEARCH_PATHS = (
					"$(inherited)",
					"@executable_path/Frameworks",
					"@executable_path/../../Frameworks",
				);
				MARKETING_VERSION = 2022.2;
				PRODUCT_BUNDLE_IDENTIFIER = com.sleekible.Simplists.debug.SimplistsIntentHandler;
				PRODUCT_NAME = "$(TARGET_NAME)";
				SKIP_INSTALL = YES;
				SUPPORTS_MACCATALYST = YES;
				SWIFT_EMIT_LOC_STRINGS = YES;
				SWIFT_VERSION = 5.0;
				TARGETED_DEVICE_FAMILY = "1,2";
			};
			name = Debug;
		};
		E252C78C27D53BEE00B29F6A /* Release */ = {
			isa = XCBuildConfiguration;
			buildSettings = {
				CLANG_CXX_LANGUAGE_STANDARD = "gnu++17";
				CODE_SIGN_ENTITLEMENTS = SimplistsIntentHandler/SimplistsIntentHandler.entitlements;
				CODE_SIGN_STYLE = Automatic;
				DEVELOPMENT_TEAM = 25V97QMNV5;
				GENERATE_INFOPLIST_FILE = YES;
				INFOPLIST_FILE = SimplistsIntentHandler/Info.plist;
				INFOPLIST_KEY_CFBundleDisplayName = SimplistsIntentHandler;
				INFOPLIST_KEY_NSHumanReadableCopyright = "";
				IPHONEOS_DEPLOYMENT_TARGET = 15.4;
				LD_RUNPATH_SEARCH_PATHS = (
					"$(inherited)",
					"@executable_path/Frameworks",
					"@executable_path/../../Frameworks",
				);
				MARKETING_VERSION = 2022.2;
				PRODUCT_BUNDLE_IDENTIFIER = com.sleekible.Simplists.SimplistsIntentHandler;
				PRODUCT_NAME = "$(TARGET_NAME)";
				SKIP_INSTALL = YES;
				SUPPORTS_MACCATALYST = YES;
				SWIFT_EMIT_LOC_STRINGS = YES;
				SWIFT_VERSION = 5.0;
				TARGETED_DEVICE_FAMILY = "1,2";
			};
			name = Release;
		};
/* End XCBuildConfiguration section */

/* Begin XCConfigurationList section */
		E20F8A9026D19C540016E2C7 /* Build configuration list for PBXNativeTarget "SimplistsWidgetExtension" */ = {
			isa = XCConfigurationList;
			buildConfigurations = (
				E20F8A9126D19C540016E2C7 /* Debug */,
				E20F8A9226D19C540016E2C7 /* Release */,
			);
			defaultConfigurationIsVisible = 0;
			defaultConfigurationName = Release;
		};
		E235D78A24DF5B58007D95BE /* Build configuration list for PBXProject "Simplists" */ = {
			isa = XCConfigurationList;
			buildConfigurations = (
				E235D7A124DF5B5A007D95BE /* Debug */,
				E235D7A224DF5B5A007D95BE /* Release */,
			);
			defaultConfigurationIsVisible = 0;
			defaultConfigurationName = Release;
		};
		E235D7A324DF5B5A007D95BE /* Build configuration list for PBXNativeTarget "Simplists" */ = {
			isa = XCConfigurationList;
			buildConfigurations = (
				E235D7A424DF5B5A007D95BE /* Debug */,
				E235D7A524DF5B5A007D95BE /* Release */,
			);
			defaultConfigurationIsVisible = 0;
			defaultConfigurationName = Release;
		};
		E235D7CF24DF5B89007D95BE /* Build configuration list for PBXNativeTarget "WatchApp Extension" */ = {
			isa = XCConfigurationList;
			buildConfigurations = (
				E235D7D024DF5B89007D95BE /* Debug */,
				E235D7D124DF5B89007D95BE /* Release */,
			);
			defaultConfigurationIsVisible = 0;
			defaultConfigurationName = Release;
		};
		E235D7D324DF5B89007D95BE /* Build configuration list for PBXNativeTarget "WatchApp" */ = {
			isa = XCConfigurationList;
			buildConfigurations = (
				E235D7D424DF5B89007D95BE /* Debug */,
				E235D7D524DF5B89007D95BE /* Release */,
			);
			defaultConfigurationIsVisible = 0;
			defaultConfigurationName = Release;
		};
		E235D7EC24E037B9007D95BE /* Build configuration list for PBXNativeTarget "SimplistsKit" */ = {
			isa = XCConfigurationList;
			buildConfigurations = (
				E235D7ED24E037B9007D95BE /* Debug */,
				E235D7EE24E037B9007D95BE /* Release */,
			);
			defaultConfigurationIsVisible = 0;
			defaultConfigurationName = Release;
		};
		E252C78D27D53BEE00B29F6A /* Build configuration list for PBXNativeTarget "SimplistsIntentHandler" */ = {
			isa = XCConfigurationList;
			buildConfigurations = (
				E252C78B27D53BEE00B29F6A /* Debug */,
				E252C78C27D53BEE00B29F6A /* Release */,
			);
			defaultConfigurationIsVisible = 0;
			defaultConfigurationName = Release;
		};
/* End XCConfigurationList section */

/* Begin XCVersionGroup section */
		E27CDF5A24ECA7BC004B6A32 /* Simplists.xcdatamodeld */ = {
			isa = XCVersionGroup;
			children = (
				E27CDF5B24ECA7BC004B6A32 /* Simplists.xcdatamodel */,
			);
			currentVersion = E27CDF5B24ECA7BC004B6A32 /* Simplists.xcdatamodel */;
			path = Simplists.xcdatamodeld;
			sourceTree = "<group>";
			versionGroupType = wrapper.xcdatamodel;
		};
/* End XCVersionGroup section */
	};
	rootObject = E235D78724DF5B58007D95BE /* Project object */;
}
