// !$*UTF8*$!
{
	archiveVersion = 1;
	classes = {
	};
	objectVersion = 52;
	objects = {

/* Begin PBXBuildFile section */
		E22E152024E05BBC002A140E /* SMPList.swift in Sources */ = {isa = PBXBuildFile; fileRef = E22E151F24E05BBC002A140E /* SMPList.swift */; };
		E22E152124E05BBC002A140E /* SMPList.swift in Sources */ = {isa = PBXBuildFile; fileRef = E22E151F24E05BBC002A140E /* SMPList.swift */; };
		E22E152324E060C2002A140E /* ListsView.swift in Sources */ = {isa = PBXBuildFile; fileRef = E22E152224E060C2002A140E /* ListsView.swift */; };
		E22E152A24E0769E002A140E /* WatchListsView.swift in Sources */ = {isa = PBXBuildFile; fileRef = E22E152924E0769E002A140E /* WatchListsView.swift */; };
		E22E152C24E0809F002A140E /* SMP+CoreData.swift in Sources */ = {isa = PBXBuildFile; fileRef = E22E152B24E0809F002A140E /* SMP+CoreData.swift */; };
		E22E152D24E080A4002A140E /* SMP+CoreData.swift in Sources */ = {isa = PBXBuildFile; fileRef = E22E152B24E0809F002A140E /* SMP+CoreData.swift */; };
		E22E153024E0871D002A140E /* SMPPersistentContainer.swift in Sources */ = {isa = PBXBuildFile; fileRef = E22E152F24E0871D002A140E /* SMPPersistentContainer.swift */; };
		E22E153124E0871D002A140E /* SMPPersistentContainer.swift in Sources */ = {isa = PBXBuildFile; fileRef = E22E152F24E0871D002A140E /* SMPPersistentContainer.swift */; };
		E235D79324DF5B59007D95BE /* AppDelegate.swift in Sources */ = {isa = PBXBuildFile; fileRef = E235D79224DF5B59007D95BE /* AppDelegate.swift */; };
		E235D79524DF5B59007D95BE /* SceneDelegate.swift in Sources */ = {isa = PBXBuildFile; fileRef = E235D79424DF5B59007D95BE /* SceneDelegate.swift */; };
		E235D79724DF5B59007D95BE /* ListView.swift in Sources */ = {isa = PBXBuildFile; fileRef = E235D79624DF5B59007D95BE /* ListView.swift */; };
		E235D79924DF5B5A007D95BE /* Assets.xcassets in Resources */ = {isa = PBXBuildFile; fileRef = E235D79824DF5B5A007D95BE /* Assets.xcassets */; };
		E235D79C24DF5B5A007D95BE /* PreviewAssets.xcassets in Resources */ = {isa = PBXBuildFile; fileRef = E235D79B24DF5B5A007D95BE /* PreviewAssets.xcassets */; };
		E235D79F24DF5B5A007D95BE /* LaunchScreen.storyboard in Resources */ = {isa = PBXBuildFile; fileRef = E235D79D24DF5B5A007D95BE /* LaunchScreen.storyboard */; };
		E235D7AC24DF5B88007D95BE /* Interface.storyboard in Resources */ = {isa = PBXBuildFile; fileRef = E235D7AA24DF5B88007D95BE /* Interface.storyboard */; };
		E235D7AE24DF5B89007D95BE /* Assets.xcassets in Resources */ = {isa = PBXBuildFile; fileRef = E235D7AD24DF5B89007D95BE /* Assets.xcassets */; };
		E235D7B524DF5B89007D95BE /* WatchApp Extension.appex in Embed App Extensions */ = {isa = PBXBuildFile; fileRef = E235D7B424DF5B89007D95BE /* WatchApp Extension.appex */; settings = {ATTRIBUTES = (RemoveHeadersOnCopy, ); }; };
		E235D7BA24DF5B89007D95BE /* HostingController.swift in Sources */ = {isa = PBXBuildFile; fileRef = E235D7B924DF5B89007D95BE /* HostingController.swift */; };
		E235D7BC24DF5B89007D95BE /* WatchListView.swift in Sources */ = {isa = PBXBuildFile; fileRef = E235D7BB24DF5B89007D95BE /* WatchListView.swift */; };
		E235D7BE24DF5B89007D95BE /* ExtensionDelegate.swift in Sources */ = {isa = PBXBuildFile; fileRef = E235D7BD24DF5B89007D95BE /* ExtensionDelegate.swift */; };
		E235D7C424DF5B89007D95BE /* ComplicationController.swift in Sources */ = {isa = PBXBuildFile; fileRef = E235D7C324DF5B89007D95BE /* ComplicationController.swift */; };
		E235D7C624DF5B89007D95BE /* Assets.xcassets in Resources */ = {isa = PBXBuildFile; fileRef = E235D7C524DF5B89007D95BE /* Assets.xcassets */; };
		E235D7C924DF5B89007D95BE /* Preview Assets.xcassets in Resources */ = {isa = PBXBuildFile; fileRef = E235D7C824DF5B89007D95BE /* Preview Assets.xcassets */; };
		E235D7CE24DF5B89007D95BE /* WatchApp.app in Embed Watch Content */ = {isa = PBXBuildFile; fileRef = E235D7A824DF5B88007D95BE /* WatchApp.app */; platformFilter = ios; settings = {ATTRIBUTES = (RemoveHeadersOnCopy, ); }; };
		E235D7DA24E0372D007D95BE /* CloudKit.framework in Frameworks */ = {isa = PBXBuildFile; fileRef = E235D7D924E0372D007D95BE /* CloudKit.framework */; };
		E235D7DD24E0374D007D95BE /* CloudKit.framework in Frameworks */ = {isa = PBXBuildFile; fileRef = E235D7DC24E0374D007D95BE /* CloudKit.framework */; };
		E235D7E724E037B9007D95BE /* SimplistsKit.h in Headers */ = {isa = PBXBuildFile; fileRef = E235D7E524E037B9007D95BE /* SimplistsKit.h */; settings = {ATTRIBUTES = (Public, ); }; };
		E235D7EA24E037B9007D95BE /* SimplistsKit.framework in Frameworks */ = {isa = PBXBuildFile; fileRef = E235D7E324E037B9007D95BE /* SimplistsKit.framework */; };
		E235D7EB24E037B9007D95BE /* SimplistsKit.framework in Embed Frameworks */ = {isa = PBXBuildFile; fileRef = E235D7E324E037B9007D95BE /* SimplistsKit.framework */; settings = {ATTRIBUTES = (CodeSignOnCopy, RemoveHeadersOnCopy, ); }; };
		E235D7F424E046D7007D95BE /* SMPStorage.swift in Sources */ = {isa = PBXBuildFile; fileRef = E235D7F324E046D7007D95BE /* SMPStorage.swift */; };
		E235D7F624E04B42007D95BE /* ListItemView.swift in Sources */ = {isa = PBXBuildFile; fileRef = E235D7F524E04B42007D95BE /* ListItemView.swift */; };
		E235D7FA24E04C3F007D95BE /* WatchListItemView.swift in Sources */ = {isa = PBXBuildFile; fileRef = E235D7F924E04C3F007D95BE /* WatchListItemView.swift */; };
		E235D7FC24E04CC1007D95BE /* SMPListItem.swift in Sources */ = {isa = PBXBuildFile; fileRef = E235D7FB24E04CC1007D95BE /* SMPListItem.swift */; };
		E235D80F24E050CD007D95BE /* SimplistsWatchKit.h in Headers */ = {isa = PBXBuildFile; fileRef = E235D80D24E050CD007D95BE /* SimplistsWatchKit.h */; settings = {ATTRIBUTES = (Public, ); }; };
		E235D81224E050CD007D95BE /* SimplistsWatchKit.framework in Frameworks */ = {isa = PBXBuildFile; fileRef = E235D80B24E050CD007D95BE /* SimplistsWatchKit.framework */; };
		E235D81324E050CD007D95BE /* SimplistsWatchKit.framework in Embed Frameworks */ = {isa = PBXBuildFile; fileRef = E235D80B24E050CD007D95BE /* SimplistsWatchKit.framework */; settings = {ATTRIBUTES = (CodeSignOnCopy, RemoveHeadersOnCopy, ); }; };
		E235D81724E050DC007D95BE /* SMPStorage.swift in Sources */ = {isa = PBXBuildFile; fileRef = E235D7F324E046D7007D95BE /* SMPStorage.swift */; };
		E235D81824E050DF007D95BE /* SMPListItem.swift in Sources */ = {isa = PBXBuildFile; fileRef = E235D7FB24E04CC1007D95BE /* SMPListItem.swift */; };
		E23F380224E9ADF50000556D /* AdaptsToKeyboard.swift in Sources */ = {isa = PBXBuildFile; fileRef = E23F380124E9ADF50000556D /* AdaptsToKeyboard.swift */; };
		E256DD6924F2E98600649855 /* FocusableTextField.swift in Sources */ = {isa = PBXBuildFile; fileRef = E256DD6824F2E98600649855 /* FocusableTextField.swift */; };
		E27CDF5C24ECA7BC004B6A32 /* Simplists.xcdatamodeld in Sources */ = {isa = PBXBuildFile; fileRef = E27CDF5A24ECA7BC004B6A32 /* Simplists.xcdatamodeld */; };
		E27CDF5D24ECAB4D004B6A32 /* Simplists.xcdatamodeld in Sources */ = {isa = PBXBuildFile; fileRef = E27CDF5A24ECA7BC004B6A32 /* Simplists.xcdatamodeld */; };
		E2AFBDBC24F16348008D9E3F /* ListEntity+Extensions.swift in Sources */ = {isa = PBXBuildFile; fileRef = E2AFBDBB24F16348008D9E3F /* ListEntity+Extensions.swift */; };
		E2AFBDBD24F1634E008D9E3F /* ListEntity+Extensions.swift in Sources */ = {isa = PBXBuildFile; fileRef = E2AFBDBB24F16348008D9E3F /* ListEntity+Extensions.swift */; };
		E2AFBDBF24F194CC008D9E3F /* SMPListSortOrderTransformer.swift in Sources */ = {isa = PBXBuildFile; fileRef = E2AFBDBE24F194CC008D9E3F /* SMPListSortOrderTransformer.swift */; };
		E2AFBDC024F194CC008D9E3F /* SMPListSortOrderTransformer.swift in Sources */ = {isa = PBXBuildFile; fileRef = E2AFBDBE24F194CC008D9E3F /* SMPListSortOrderTransformer.swift */; };
		E2ECD76124F74B560046AEC9 /* NavBarItemsView.swift in Sources */ = {isa = PBXBuildFile; fileRef = E2ECD76024F74B560046AEC9 /* NavBarItemsView.swift */; };
/* End PBXBuildFile section */

/* Begin PBXContainerItemProxy section */
		E235D7B624DF5B89007D95BE /* PBXContainerItemProxy */ = {
			isa = PBXContainerItemProxy;
			containerPortal = E235D78724DF5B58007D95BE /* Project object */;
			proxyType = 1;
			remoteGlobalIDString = E235D7B324DF5B89007D95BE;
			remoteInfo = "WatchApp Extension";
		};
		E235D7CC24DF5B89007D95BE /* PBXContainerItemProxy */ = {
			isa = PBXContainerItemProxy;
			containerPortal = E235D78724DF5B58007D95BE /* Project object */;
			proxyType = 1;
			remoteGlobalIDString = E235D7A724DF5B88007D95BE;
			remoteInfo = WatchApp;
		};
		E235D7E824E037B9007D95BE /* PBXContainerItemProxy */ = {
			isa = PBXContainerItemProxy;
			containerPortal = E235D78724DF5B58007D95BE /* Project object */;
			proxyType = 1;
			remoteGlobalIDString = E235D7E224E037B9007D95BE;
			remoteInfo = SimplistsKit;
		};
		E235D81024E050CD007D95BE /* PBXContainerItemProxy */ = {
			isa = PBXContainerItemProxy;
			containerPortal = E235D78724DF5B58007D95BE /* Project object */;
			proxyType = 1;
			remoteGlobalIDString = E235D80A24E050CD007D95BE;
			remoteInfo = SimplistsWatchKit;
		};
/* End PBXContainerItemProxy section */

/* Begin PBXCopyFilesBuildPhase section */
		E235D7D224DF5B89007D95BE /* Embed App Extensions */ = {
			isa = PBXCopyFilesBuildPhase;
			buildActionMask = 2147483647;
			dstPath = "";
			dstSubfolderSpec = 13;
			files = (
				E235D7B524DF5B89007D95BE /* WatchApp Extension.appex in Embed App Extensions */,
			);
			name = "Embed App Extensions";
			runOnlyForDeploymentPostprocessing = 0;
		};
		E235D7D624DF5B89007D95BE /* Embed Watch Content */ = {
			isa = PBXCopyFilesBuildPhase;
			buildActionMask = 2147483647;
			dstPath = "$(CONTENTS_FOLDER_PATH)/Watch";
			dstSubfolderSpec = 16;
			files = (
				E235D7CE24DF5B89007D95BE /* WatchApp.app in Embed Watch Content */,
			);
			name = "Embed Watch Content";
			runOnlyForDeploymentPostprocessing = 0;
		};
		E235D7EF24E037B9007D95BE /* Embed Frameworks */ = {
			isa = PBXCopyFilesBuildPhase;
			buildActionMask = 2147483647;
			dstPath = "";
			dstSubfolderSpec = 10;
			files = (
				E235D7EB24E037B9007D95BE /* SimplistsKit.framework in Embed Frameworks */,
			);
			name = "Embed Frameworks";
			runOnlyForDeploymentPostprocessing = 0;
		};
		E235D80524E04E3E007D95BE /* Embed Frameworks */ = {
			isa = PBXCopyFilesBuildPhase;
			buildActionMask = 2147483647;
			dstPath = "";
			dstSubfolderSpec = 10;
			files = (
				E235D81324E050CD007D95BE /* SimplistsWatchKit.framework in Embed Frameworks */,
			);
			name = "Embed Frameworks";
			runOnlyForDeploymentPostprocessing = 0;
		};
/* End PBXCopyFilesBuildPhase section */

/* Begin PBXFileReference section */
		E22E151F24E05BBC002A140E /* SMPList.swift */ = {isa = PBXFileReference; lastKnownFileType = sourcecode.swift; path = SMPList.swift; sourceTree = "<group>"; };
		E22E152224E060C2002A140E /* ListsView.swift */ = {isa = PBXFileReference; lastKnownFileType = sourcecode.swift; path = ListsView.swift; sourceTree = "<group>"; };
		E22E152924E0769E002A140E /* WatchListsView.swift */ = {isa = PBXFileReference; lastKnownFileType = sourcecode.swift; path = WatchListsView.swift; sourceTree = "<group>"; };
		E22E152B24E0809F002A140E /* SMP+CoreData.swift */ = {isa = PBXFileReference; lastKnownFileType = sourcecode.swift; path = "SMP+CoreData.swift"; sourceTree = "<group>"; };
		E22E152F24E0871D002A140E /* SMPPersistentContainer.swift */ = {isa = PBXFileReference; lastKnownFileType = sourcecode.swift; path = SMPPersistentContainer.swift; sourceTree = "<group>"; };
		E235D78F24DF5B59007D95BE /* Simplists.app */ = {isa = PBXFileReference; explicitFileType = wrapper.application; includeInIndex = 0; path = Simplists.app; sourceTree = BUILT_PRODUCTS_DIR; };
		E235D79224DF5B59007D95BE /* AppDelegate.swift */ = {isa = PBXFileReference; lastKnownFileType = sourcecode.swift; path = AppDelegate.swift; sourceTree = "<group>"; };
		E235D79424DF5B59007D95BE /* SceneDelegate.swift */ = {isa = PBXFileReference; lastKnownFileType = sourcecode.swift; path = SceneDelegate.swift; sourceTree = "<group>"; };
		E235D79624DF5B59007D95BE /* ListView.swift */ = {isa = PBXFileReference; lastKnownFileType = sourcecode.swift; path = ListView.swift; sourceTree = "<group>"; };
		E235D79824DF5B5A007D95BE /* Assets.xcassets */ = {isa = PBXFileReference; lastKnownFileType = folder.assetcatalog; path = Assets.xcassets; sourceTree = "<group>"; };
		E235D79B24DF5B5A007D95BE /* PreviewAssets.xcassets */ = {isa = PBXFileReference; lastKnownFileType = folder.assetcatalog; path = PreviewAssets.xcassets; sourceTree = "<group>"; };
		E235D79E24DF5B5A007D95BE /* Base */ = {isa = PBXFileReference; lastKnownFileType = file.storyboard; name = Base; path = Base.lproj/LaunchScreen.storyboard; sourceTree = "<group>"; };
		E235D7A024DF5B5A007D95BE /* Info.plist */ = {isa = PBXFileReference; lastKnownFileType = text.plist.xml; path = Info.plist; sourceTree = "<group>"; };
		E235D7A824DF5B88007D95BE /* WatchApp.app */ = {isa = PBXFileReference; explicitFileType = wrapper.application; includeInIndex = 0; path = WatchApp.app; sourceTree = BUILT_PRODUCTS_DIR; };
		E235D7AB24DF5B88007D95BE /* Base */ = {isa = PBXFileReference; lastKnownFileType = file.storyboard; name = Base; path = Base.lproj/Interface.storyboard; sourceTree = "<group>"; };
		E235D7AD24DF5B89007D95BE /* Assets.xcassets */ = {isa = PBXFileReference; lastKnownFileType = folder.assetcatalog; path = Assets.xcassets; sourceTree = "<group>"; };
		E235D7AF24DF5B89007D95BE /* Info.plist */ = {isa = PBXFileReference; lastKnownFileType = text.plist.xml; path = Info.plist; sourceTree = "<group>"; };
		E235D7B424DF5B89007D95BE /* WatchApp Extension.appex */ = {isa = PBXFileReference; explicitFileType = "wrapper.app-extension"; includeInIndex = 0; path = "WatchApp Extension.appex"; sourceTree = BUILT_PRODUCTS_DIR; };
		E235D7B924DF5B89007D95BE /* HostingController.swift */ = {isa = PBXFileReference; lastKnownFileType = sourcecode.swift; path = HostingController.swift; sourceTree = "<group>"; };
		E235D7BB24DF5B89007D95BE /* WatchListView.swift */ = {isa = PBXFileReference; lastKnownFileType = sourcecode.swift; path = WatchListView.swift; sourceTree = "<group>"; };
		E235D7BD24DF5B89007D95BE /* ExtensionDelegate.swift */ = {isa = PBXFileReference; lastKnownFileType = sourcecode.swift; path = ExtensionDelegate.swift; sourceTree = "<group>"; };
		E235D7C324DF5B89007D95BE /* ComplicationController.swift */ = {isa = PBXFileReference; lastKnownFileType = sourcecode.swift; path = ComplicationController.swift; sourceTree = "<group>"; };
		E235D7C524DF5B89007D95BE /* Assets.xcassets */ = {isa = PBXFileReference; lastKnownFileType = folder.assetcatalog; path = Assets.xcassets; sourceTree = "<group>"; };
		E235D7C824DF5B89007D95BE /* Preview Assets.xcassets */ = {isa = PBXFileReference; lastKnownFileType = folder.assetcatalog; path = "Preview Assets.xcassets"; sourceTree = "<group>"; };
		E235D7CA24DF5B89007D95BE /* Info.plist */ = {isa = PBXFileReference; lastKnownFileType = text.plist.xml; path = Info.plist; sourceTree = "<group>"; };
		E235D7D724E036F6007D95BE /* Simplists.entitlements */ = {isa = PBXFileReference; lastKnownFileType = text.plist.entitlements; path = Simplists.entitlements; sourceTree = "<group>"; };
		E235D7D924E0372D007D95BE /* CloudKit.framework */ = {isa = PBXFileReference; lastKnownFileType = wrapper.framework; name = CloudKit.framework; path = System/Library/Frameworks/CloudKit.framework; sourceTree = SDKROOT; };
		E235D7DB24E0374A007D95BE /* WatchApp Extension.entitlements */ = {isa = PBXFileReference; lastKnownFileType = text.plist.entitlements; path = "WatchApp Extension.entitlements"; sourceTree = "<group>"; };
		E235D7DC24E0374D007D95BE /* CloudKit.framework */ = {isa = PBXFileReference; lastKnownFileType = wrapper.framework; name = CloudKit.framework; path = Platforms/WatchOS.platform/Developer/SDKs/WatchOS7.0.sdk/System/Library/Frameworks/CloudKit.framework; sourceTree = DEVELOPER_DIR; };
		E235D7E324E037B9007D95BE /* SimplistsKit.framework */ = {isa = PBXFileReference; explicitFileType = wrapper.framework; includeInIndex = 0; path = SimplistsKit.framework; sourceTree = BUILT_PRODUCTS_DIR; };
		E235D7E524E037B9007D95BE /* SimplistsKit.h */ = {isa = PBXFileReference; lastKnownFileType = sourcecode.c.h; path = SimplistsKit.h; sourceTree = "<group>"; };
		E235D7E624E037B9007D95BE /* Info.plist */ = {isa = PBXFileReference; lastKnownFileType = text.plist.xml; path = Info.plist; sourceTree = "<group>"; };
		E235D7F324E046D7007D95BE /* SMPStorage.swift */ = {isa = PBXFileReference; lastKnownFileType = sourcecode.swift; path = SMPStorage.swift; sourceTree = "<group>"; };
		E235D7F524E04B42007D95BE /* ListItemView.swift */ = {isa = PBXFileReference; lastKnownFileType = sourcecode.swift; path = ListItemView.swift; sourceTree = "<group>"; };
		E235D7F924E04C3F007D95BE /* WatchListItemView.swift */ = {isa = PBXFileReference; lastKnownFileType = sourcecode.swift; path = WatchListItemView.swift; sourceTree = "<group>"; };
		E235D7FB24E04CC1007D95BE /* SMPListItem.swift */ = {isa = PBXFileReference; lastKnownFileType = sourcecode.swift; path = SMPListItem.swift; sourceTree = "<group>"; };
		E235D80B24E050CD007D95BE /* SimplistsWatchKit.framework */ = {isa = PBXFileReference; explicitFileType = wrapper.framework; includeInIndex = 0; path = SimplistsWatchKit.framework; sourceTree = BUILT_PRODUCTS_DIR; };
		E235D80D24E050CD007D95BE /* SimplistsWatchKit.h */ = {isa = PBXFileReference; lastKnownFileType = sourcecode.c.h; path = SimplistsWatchKit.h; sourceTree = "<group>"; };
		E235D80E24E050CD007D95BE /* Info.plist */ = {isa = PBXFileReference; lastKnownFileType = text.plist.xml; path = Info.plist; sourceTree = "<group>"; };
		E23F380124E9ADF50000556D /* AdaptsToKeyboard.swift */ = {isa = PBXFileReference; lastKnownFileType = sourcecode.swift; path = AdaptsToKeyboard.swift; sourceTree = "<group>"; };
		E256DD6824F2E98600649855 /* FocusableTextField.swift */ = {isa = PBXFileReference; lastKnownFileType = sourcecode.swift; path = FocusableTextField.swift; sourceTree = "<group>"; };
		E27CDF5B24ECA7BC004B6A32 /* Simplists.xcdatamodel */ = {isa = PBXFileReference; lastKnownFileType = wrapper.xcdatamodel; path = Simplists.xcdatamodel; sourceTree = "<group>"; };
		E2AFBDBB24F16348008D9E3F /* ListEntity+Extensions.swift */ = {isa = PBXFileReference; lastKnownFileType = sourcecode.swift; path = "ListEntity+Extensions.swift"; sourceTree = "<group>"; };
		E2AFBDBE24F194CC008D9E3F /* SMPListSortOrderTransformer.swift */ = {isa = PBXFileReference; lastKnownFileType = sourcecode.swift; path = SMPListSortOrderTransformer.swift; sourceTree = "<group>"; };
		E2ECD76024F74B560046AEC9 /* NavBarItemsView.swift */ = {isa = PBXFileReference; lastKnownFileType = sourcecode.swift; path = NavBarItemsView.swift; sourceTree = "<group>"; };
/* End PBXFileReference section */

/* Begin PBXFrameworksBuildPhase section */
		E235D78C24DF5B59007D95BE /* Frameworks */ = {
			isa = PBXFrameworksBuildPhase;
			buildActionMask = 2147483647;
			files = (
				E235D7DA24E0372D007D95BE /* CloudKit.framework in Frameworks */,
				E235D7EA24E037B9007D95BE /* SimplistsKit.framework in Frameworks */,
			);
			runOnlyForDeploymentPostprocessing = 0;
		};
		E235D7B124DF5B89007D95BE /* Frameworks */ = {
			isa = PBXFrameworksBuildPhase;
			buildActionMask = 2147483647;
			files = (
				E235D81224E050CD007D95BE /* SimplistsWatchKit.framework in Frameworks */,
				E235D7DD24E0374D007D95BE /* CloudKit.framework in Frameworks */,
			);
			runOnlyForDeploymentPostprocessing = 0;
		};
		E235D7E024E037B9007D95BE /* Frameworks */ = {
			isa = PBXFrameworksBuildPhase;
			buildActionMask = 2147483647;
			files = (
			);
			runOnlyForDeploymentPostprocessing = 0;
		};
		E235D80824E050CD007D95BE /* Frameworks */ = {
			isa = PBXFrameworksBuildPhase;
			buildActionMask = 2147483647;
			files = (
			);
			runOnlyForDeploymentPostprocessing = 0;
		};
/* End PBXFrameworksBuildPhase section */

/* Begin PBXGroup section */
		E22E152424E06963002A140E /* Views */ = {
			isa = PBXGroup;
			children = (
				E235D79624DF5B59007D95BE /* ListView.swift */,
				E235D7F524E04B42007D95BE /* ListItemView.swift */,
				E22E152224E060C2002A140E /* ListsView.swift */,
				E2ECD76024F74B560046AEC9 /* NavBarItemsView.swift */,
				E23F380124E9ADF50000556D /* AdaptsToKeyboard.swift */,
				E256DD6824F2E98600649855 /* FocusableTextField.swift */,
			);
			path = Views;
			sourceTree = "<group>";
		};
		E22E152524E06976002A140E /* Startup */ = {
			isa = PBXGroup;
			children = (
				E235D79224DF5B59007D95BE /* AppDelegate.swift */,
				E235D79424DF5B59007D95BE /* SceneDelegate.swift */,
			);
			path = Startup;
			sourceTree = "<group>";
		};
		E22E152624E0698B002A140E /* Views */ = {
			isa = PBXGroup;
			children = (
				E235D7BB24DF5B89007D95BE /* WatchListView.swift */,
				E235D7F924E04C3F007D95BE /* WatchListItemView.swift */,
				E22E152924E0769E002A140E /* WatchListsView.swift */,
			);
			path = Views;
			sourceTree = "<group>";
		};
		E22E152724E06A4F002A140E /* Startup */ = {
			isa = PBXGroup;
			children = (
				E235D7B924DF5B89007D95BE /* HostingController.swift */,
				E235D7BD24DF5B89007D95BE /* ExtensionDelegate.swift */,
			);
			path = Startup;
			sourceTree = "<group>";
		};
		E22E152824E06A6E002A140E /* Complication */ = {
			isa = PBXGroup;
			children = (
				E235D7C324DF5B89007D95BE /* ComplicationController.swift */,
			);
			path = Complication;
			sourceTree = "<group>";
		};
		E235D78624DF5B58007D95BE = {
			isa = PBXGroup;
			children = (
				E235D79124DF5B59007D95BE /* Simplists */,
				E235D7A924DF5B88007D95BE /* WatchApp */,
				E235D7B824DF5B89007D95BE /* WatchApp Extension */,
				E235D7E424E037B9007D95BE /* SimplistsKit */,
				E235D80C24E050CD007D95BE /* SimplistsWatchKit */,
				E235D79024DF5B59007D95BE /* Products */,
				E235D7D824E0372D007D95BE /* Frameworks */,
			);
			sourceTree = "<group>";
		};
		E235D79024DF5B59007D95BE /* Products */ = {
			isa = PBXGroup;
			children = (
				E235D78F24DF5B59007D95BE /* Simplists.app */,
				E235D7A824DF5B88007D95BE /* WatchApp.app */,
				E235D7B424DF5B89007D95BE /* WatchApp Extension.appex */,
				E235D7E324E037B9007D95BE /* SimplistsKit.framework */,
				E235D80B24E050CD007D95BE /* SimplistsWatchKit.framework */,
			);
			name = Products;
			sourceTree = "<group>";
		};
		E235D79124DF5B59007D95BE /* Simplists */ = {
			isa = PBXGroup;
			children = (
				E22E152524E06976002A140E /* Startup */,
				E22E152424E06963002A140E /* Views */,
				E235D7D724E036F6007D95BE /* Simplists.entitlements */,
				E235D79824DF5B5A007D95BE /* Assets.xcassets */,
				E235D79D24DF5B5A007D95BE /* LaunchScreen.storyboard */,
				E235D7A024DF5B5A007D95BE /* Info.plist */,
				E235D79A24DF5B5A007D95BE /* PreviewContent */,
			);
			path = Simplists;
			sourceTree = "<group>";
		};
		E235D79A24DF5B5A007D95BE /* PreviewContent */ = {
			isa = PBXGroup;
			children = (
				E235D79B24DF5B5A007D95BE /* PreviewAssets.xcassets */,
			);
			path = PreviewContent;
			sourceTree = "<group>";
		};
		E235D7A924DF5B88007D95BE /* WatchApp */ = {
			isa = PBXGroup;
			children = (
				E235D7AA24DF5B88007D95BE /* Interface.storyboard */,
				E235D7AD24DF5B89007D95BE /* Assets.xcassets */,
				E235D7AF24DF5B89007D95BE /* Info.plist */,
			);
			path = WatchApp;
			sourceTree = "<group>";
		};
		E235D7B824DF5B89007D95BE /* WatchApp Extension */ = {
			isa = PBXGroup;
			children = (
				E22E152824E06A6E002A140E /* Complication */,
				E22E152724E06A4F002A140E /* Startup */,
				E22E152624E0698B002A140E /* Views */,
				E235D7DB24E0374A007D95BE /* WatchApp Extension.entitlements */,
				E235D7C524DF5B89007D95BE /* Assets.xcassets */,
				E235D7CA24DF5B89007D95BE /* Info.plist */,
				E235D7C724DF5B89007D95BE /* Preview Content */,
			);
			path = "WatchApp Extension";
			sourceTree = "<group>";
		};
		E235D7C724DF5B89007D95BE /* Preview Content */ = {
			isa = PBXGroup;
			children = (
				E235D7C824DF5B89007D95BE /* Preview Assets.xcassets */,
			);
			path = "Preview Content";
			sourceTree = "<group>";
		};
		E235D7D824E0372D007D95BE /* Frameworks */ = {
			isa = PBXGroup;
			children = (
				E235D7DC24E0374D007D95BE /* CloudKit.framework */,
				E235D7D924E0372D007D95BE /* CloudKit.framework */,
			);
			name = Frameworks;
			sourceTree = "<group>";
		};
		E235D7E424E037B9007D95BE /* SimplistsKit */ = {
			isa = PBXGroup;
			children = (
				E235D7E524E037B9007D95BE /* SimplistsKit.h */,
				E235D7E624E037B9007D95BE /* Info.plist */,
				E27CDF5A24ECA7BC004B6A32 /* Simplists.xcdatamodeld */,
				E235D7F324E046D7007D95BE /* SMPStorage.swift */,
				E235D7FB24E04CC1007D95BE /* SMPListItem.swift */,
				E22E151F24E05BBC002A140E /* SMPList.swift */,
				E22E152B24E0809F002A140E /* SMP+CoreData.swift */,
				E22E152F24E0871D002A140E /* SMPPersistentContainer.swift */,
				E2AFBDBB24F16348008D9E3F /* ListEntity+Extensions.swift */,
				E2AFBDBE24F194CC008D9E3F /* SMPListSortOrderTransformer.swift */,
			);
			path = SimplistsKit;
			sourceTree = "<group>";
		};
		E235D80C24E050CD007D95BE /* SimplistsWatchKit */ = {
			isa = PBXGroup;
			children = (
				E235D80D24E050CD007D95BE /* SimplistsWatchKit.h */,
				E235D80E24E050CD007D95BE /* Info.plist */,
			);
			path = SimplistsWatchKit;
			sourceTree = "<group>";
		};
/* End PBXGroup section */

/* Begin PBXHeadersBuildPhase section */
		E235D7DE24E037B9007D95BE /* Headers */ = {
			isa = PBXHeadersBuildPhase;
			buildActionMask = 2147483647;
			files = (
				E235D7E724E037B9007D95BE /* SimplistsKit.h in Headers */,
			);
			runOnlyForDeploymentPostprocessing = 0;
		};
		E235D80624E050CD007D95BE /* Headers */ = {
			isa = PBXHeadersBuildPhase;
			buildActionMask = 2147483647;
			files = (
				E235D80F24E050CD007D95BE /* SimplistsWatchKit.h in Headers */,
			);
			runOnlyForDeploymentPostprocessing = 0;
		};
/* End PBXHeadersBuildPhase section */

/* Begin PBXNativeTarget section */
		E235D78E24DF5B59007D95BE /* Simplists */ = {
			isa = PBXNativeTarget;
			buildConfigurationList = E235D7A324DF5B5A007D95BE /* Build configuration list for PBXNativeTarget "Simplists" */;
			buildPhases = (
				E235D78B24DF5B59007D95BE /* Sources */,
				E235D78C24DF5B59007D95BE /* Frameworks */,
				E235D78D24DF5B59007D95BE /* Resources */,
				E235D7D624DF5B89007D95BE /* Embed Watch Content */,
				E235D7EF24E037B9007D95BE /* Embed Frameworks */,
				E26642DD24E4D5EE008F6778 /* Increment Build Number */,
			);
			buildRules = (
			);
			dependencies = (
				E235D7CD24DF5B89007D95BE /* PBXTargetDependency */,
				E235D7E924E037B9007D95BE /* PBXTargetDependency */,
			);
			name = Simplists;
			productName = Simplists;
			productReference = E235D78F24DF5B59007D95BE /* Simplists.app */;
			productType = "com.apple.product-type.application";
		};
		E235D7A724DF5B88007D95BE /* WatchApp */ = {
			isa = PBXNativeTarget;
			buildConfigurationList = E235D7D324DF5B89007D95BE /* Build configuration list for PBXNativeTarget "WatchApp" */;
			buildPhases = (
				E235D7A624DF5B88007D95BE /* Resources */,
				E235D7D224DF5B89007D95BE /* Embed App Extensions */,
				E26642DE24E4D69F008F6778 /* Increment Build Number */,
			);
			buildRules = (
			);
			dependencies = (
				E235D7B724DF5B89007D95BE /* PBXTargetDependency */,
			);
			name = WatchApp;
			productName = WatchApp;
			productReference = E235D7A824DF5B88007D95BE /* WatchApp.app */;
			productType = "com.apple.product-type.application.watchapp2";
		};
		E235D7B324DF5B89007D95BE /* WatchApp Extension */ = {
			isa = PBXNativeTarget;
			buildConfigurationList = E235D7CF24DF5B89007D95BE /* Build configuration list for PBXNativeTarget "WatchApp Extension" */;
			buildPhases = (
				E235D7B024DF5B89007D95BE /* Sources */,
				E235D7B124DF5B89007D95BE /* Frameworks */,
				E235D7B224DF5B89007D95BE /* Resources */,
				E235D80524E04E3E007D95BE /* Embed Frameworks */,
				E26642DF24E4D6B5008F6778 /* Increment Build Number */,
			);
			buildRules = (
			);
			dependencies = (
				E235D81124E050CD007D95BE /* PBXTargetDependency */,
			);
			name = "WatchApp Extension";
			productName = "WatchApp Extension";
			productReference = E235D7B424DF5B89007D95BE /* WatchApp Extension.appex */;
			productType = "com.apple.product-type.watchkit2-extension";
		};
		E235D7E224E037B9007D95BE /* SimplistsKit */ = {
			isa = PBXNativeTarget;
			buildConfigurationList = E235D7EC24E037B9007D95BE /* Build configuration list for PBXNativeTarget "SimplistsKit" */;
			buildPhases = (
				E235D7DE24E037B9007D95BE /* Headers */,
				E235D7DF24E037B9007D95BE /* Sources */,
				E235D7E024E037B9007D95BE /* Frameworks */,
				E235D7E124E037B9007D95BE /* Resources */,
				E26642E024E4D6C5008F6778 /* Increment Build Number */,
			);
			buildRules = (
			);
			dependencies = (
			);
			name = SimplistsKit;
			productName = SimplistsKit;
			productReference = E235D7E324E037B9007D95BE /* SimplistsKit.framework */;
			productType = "com.apple.product-type.framework";
		};
		E235D80A24E050CD007D95BE /* SimplistsWatchKit */ = {
			isa = PBXNativeTarget;
			buildConfigurationList = E235D81424E050CD007D95BE /* Build configuration list for PBXNativeTarget "SimplistsWatchKit" */;
			buildPhases = (
				E235D80624E050CD007D95BE /* Headers */,
				E235D80724E050CD007D95BE /* Sources */,
				E235D80824E050CD007D95BE /* Frameworks */,
				E235D80924E050CD007D95BE /* Resources */,
				E26642E124E4D6D4008F6778 /* Increment Build Number */,
			);
			buildRules = (
			);
			dependencies = (
			);
			name = SimplistsWatchKit;
			productName = SimplistsWatchKit;
			productReference = E235D80B24E050CD007D95BE /* SimplistsWatchKit.framework */;
			productType = "com.apple.product-type.framework";
		};
/* End PBXNativeTarget section */

/* Begin PBXProject section */
		E235D78724DF5B58007D95BE /* Project object */ = {
			isa = PBXProject;
			attributes = {
				LastSwiftUpdateCheck = 1200;
				LastUpgradeCheck = 1200;
				TargetAttributes = {
					E235D78E24DF5B59007D95BE = {
						CreatedOnToolsVersion = 12.0;
					};
					E235D7A724DF5B88007D95BE = {
						CreatedOnToolsVersion = 12.0;
					};
					E235D7B324DF5B89007D95BE = {
						CreatedOnToolsVersion = 12.0;
					};
					E235D7E224E037B9007D95BE = {
						CreatedOnToolsVersion = 12.0;
						LastSwiftMigration = 1200;
					};
					E235D80A24E050CD007D95BE = {
						CreatedOnToolsVersion = 12.0;
					};
				};
			};
			buildConfigurationList = E235D78A24DF5B58007D95BE /* Build configuration list for PBXProject "Simplists" */;
			compatibilityVersion = "Xcode 9.3";
			developmentRegion = en;
			hasScannedForEncodings = 0;
			knownRegions = (
				en,
				Base,
			);
			mainGroup = E235D78624DF5B58007D95BE;
			productRefGroup = E235D79024DF5B59007D95BE /* Products */;
			projectDirPath = "";
			projectRoot = "";
			targets = (
				E235D78E24DF5B59007D95BE /* Simplists */,
				E235D7A724DF5B88007D95BE /* WatchApp */,
				E235D7B324DF5B89007D95BE /* WatchApp Extension */,
				E235D7E224E037B9007D95BE /* SimplistsKit */,
				E235D80A24E050CD007D95BE /* SimplistsWatchKit */,
			);
		};
/* End PBXProject section */

/* Begin PBXResourcesBuildPhase section */
		E235D78D24DF5B59007D95BE /* Resources */ = {
			isa = PBXResourcesBuildPhase;
			buildActionMask = 2147483647;
			files = (
				E235D79F24DF5B5A007D95BE /* LaunchScreen.storyboard in Resources */,
				E235D79C24DF5B5A007D95BE /* PreviewAssets.xcassets in Resources */,
				E235D79924DF5B5A007D95BE /* Assets.xcassets in Resources */,
			);
			runOnlyForDeploymentPostprocessing = 0;
		};
		E235D7A624DF5B88007D95BE /* Resources */ = {
			isa = PBXResourcesBuildPhase;
			buildActionMask = 2147483647;
			files = (
				E235D7AE24DF5B89007D95BE /* Assets.xcassets in Resources */,
				E235D7AC24DF5B88007D95BE /* Interface.storyboard in Resources */,
			);
			runOnlyForDeploymentPostprocessing = 0;
		};
		E235D7B224DF5B89007D95BE /* Resources */ = {
			isa = PBXResourcesBuildPhase;
			buildActionMask = 2147483647;
			files = (
				E235D7C924DF5B89007D95BE /* Preview Assets.xcassets in Resources */,
				E235D7C624DF5B89007D95BE /* Assets.xcassets in Resources */,
			);
			runOnlyForDeploymentPostprocessing = 0;
		};
		E235D7E124E037B9007D95BE /* Resources */ = {
			isa = PBXResourcesBuildPhase;
			buildActionMask = 2147483647;
			files = (
			);
			runOnlyForDeploymentPostprocessing = 0;
		};
		E235D80924E050CD007D95BE /* Resources */ = {
			isa = PBXResourcesBuildPhase;
			buildActionMask = 2147483647;
			files = (
			);
			runOnlyForDeploymentPostprocessing = 0;
		};
/* End PBXResourcesBuildPhase section */

/* Begin PBXShellScriptBuildPhase section */
		E26642DD24E4D5EE008F6778 /* Increment Build Number */ = {
			isa = PBXShellScriptBuildPhase;
			buildActionMask = 2147483647;
			files = (
			);
			inputFileListPaths = (
			);
			inputPaths = (
			);
			name = "Increment Build Number";
			outputFileListPaths = (
			);
			outputPaths = (
			);
			runOnlyForDeploymentPostprocessing = 0;
			shellPath = /bin/sh;
			shellScript = "buildNumber=$(/usr/libexec/PlistBuddy -c \"Print CFBundleVersion\" \"${PROJECT_DIR}/${INFOPLIST_FILE}\")\nbuildNumber=$(($buildNumber + 1))\n/usr/libexec/PlistBuddy -c \"Set :CFBundleVersion $buildNumber\" \"${PROJECT_DIR}/${INFOPLIST_FILE}\"\n";
		};
		E26642DE24E4D69F008F6778 /* Increment Build Number */ = {
			isa = PBXShellScriptBuildPhase;
			buildActionMask = 2147483647;
			files = (
			);
			inputFileListPaths = (
			);
			inputPaths = (
			);
			name = "Increment Build Number";
			outputFileListPaths = (
			);
			outputPaths = (
			);
			runOnlyForDeploymentPostprocessing = 0;
			shellPath = /bin/sh;
			shellScript = "buildNumber=$(/usr/libexec/PlistBuddy -c \"Print CFBundleVersion\" \"${PROJECT_DIR}/${INFOPLIST_FILE}\")\nbuildNumber=$(($buildNumber + 1))\n/usr/libexec/PlistBuddy -c \"Set :CFBundleVersion $buildNumber\" \"${PROJECT_DIR}/${INFOPLIST_FILE}\"\n";
		};
		E26642DF24E4D6B5008F6778 /* Increment Build Number */ = {
			isa = PBXShellScriptBuildPhase;
			buildActionMask = 2147483647;
			files = (
			);
			inputFileListPaths = (
			);
			inputPaths = (
			);
			name = "Increment Build Number";
			outputFileListPaths = (
			);
			outputPaths = (
			);
			runOnlyForDeploymentPostprocessing = 0;
			shellPath = /bin/sh;
			shellScript = "buildNumber=$(/usr/libexec/PlistBuddy -c \"Print CFBundleVersion\" \"${PROJECT_DIR}/${INFOPLIST_FILE}\")\nbuildNumber=$(($buildNumber + 1))\n/usr/libexec/PlistBuddy -c \"Set :CFBundleVersion $buildNumber\" \"${PROJECT_DIR}/${INFOPLIST_FILE}\"\n";
		};
		E26642E024E4D6C5008F6778 /* Increment Build Number */ = {
			isa = PBXShellScriptBuildPhase;
			buildActionMask = 2147483647;
			files = (
			);
			inputFileListPaths = (
			);
			inputPaths = (
			);
			name = "Increment Build Number";
			outputFileListPaths = (
			);
			outputPaths = (
			);
			runOnlyForDeploymentPostprocessing = 0;
			shellPath = /bin/sh;
			shellScript = "buildNumber=$(/usr/libexec/PlistBuddy -c \"Print CFBundleVersion\" \"${PROJECT_DIR}/${INFOPLIST_FILE}\")\nbuildNumber=$(($buildNumber + 1))\n/usr/libexec/PlistBuddy -c \"Set :CFBundleVersion $buildNumber\" \"${PROJECT_DIR}/${INFOPLIST_FILE}\"\n";
		};
		E26642E124E4D6D4008F6778 /* Increment Build Number */ = {
			isa = PBXShellScriptBuildPhase;
			buildActionMask = 2147483647;
			files = (
			);
			inputFileListPaths = (
			);
			inputPaths = (
			);
			name = "Increment Build Number";
			outputFileListPaths = (
			);
			outputPaths = (
			);
			runOnlyForDeploymentPostprocessing = 0;
			shellPath = /bin/sh;
			shellScript = "buildNumber=$(/usr/libexec/PlistBuddy -c \"Print CFBundleVersion\" \"${PROJECT_DIR}/${INFOPLIST_FILE}\")\nbuildNumber=$(($buildNumber + 1))\n/usr/libexec/PlistBuddy -c \"Set :CFBundleVersion $buildNumber\" \"${PROJECT_DIR}/${INFOPLIST_FILE}\"\n";
		};
/* End PBXShellScriptBuildPhase section */

/* Begin PBXSourcesBuildPhase section */
		E235D78B24DF5B59007D95BE /* Sources */ = {
			isa = PBXSourcesBuildPhase;
			buildActionMask = 2147483647;
			files = (
				E235D79324DF5B59007D95BE /* AppDelegate.swift in Sources */,
				E256DD6924F2E98600649855 /* FocusableTextField.swift in Sources */,
				E22E152324E060C2002A140E /* ListsView.swift in Sources */,
				E235D79524DF5B59007D95BE /* SceneDelegate.swift in Sources */,
				E235D79724DF5B59007D95BE /* ListView.swift in Sources */,
				E23F380224E9ADF50000556D /* AdaptsToKeyboard.swift in Sources */,
				E235D7F624E04B42007D95BE /* ListItemView.swift in Sources */,
				E2ECD76124F74B560046AEC9 /* NavBarItemsView.swift in Sources */,
			);
			runOnlyForDeploymentPostprocessing = 0;
		};
		E235D7B024DF5B89007D95BE /* Sources */ = {
			isa = PBXSourcesBuildPhase;
			buildActionMask = 2147483647;
			files = (
				E235D7BC24DF5B89007D95BE /* WatchListView.swift in Sources */,
				E235D7FA24E04C3F007D95BE /* WatchListItemView.swift in Sources */,
				E235D7BA24DF5B89007D95BE /* HostingController.swift in Sources */,
				E235D7BE24DF5B89007D95BE /* ExtensionDelegate.swift in Sources */,
				E22E152A24E0769E002A140E /* WatchListsView.swift in Sources */,
				E235D7C424DF5B89007D95BE /* ComplicationController.swift in Sources */,
			);
			runOnlyForDeploymentPostprocessing = 0;
		};
		E235D7DF24E037B9007D95BE /* Sources */ = {
			isa = PBXSourcesBuildPhase;
			buildActionMask = 2147483647;
			files = (
				E235D7F424E046D7007D95BE /* SMPStorage.swift in Sources */,
				E27CDF5C24ECA7BC004B6A32 /* Simplists.xcdatamodeld in Sources */,
				E22E152C24E0809F002A140E /* SMP+CoreData.swift in Sources */,
				E22E152024E05BBC002A140E /* SMPList.swift in Sources */,
				E235D7FC24E04CC1007D95BE /* SMPListItem.swift in Sources */,
				E2AFBDBF24F194CC008D9E3F /* SMPListSortOrderTransformer.swift in Sources */,
				E2AFBDBC24F16348008D9E3F /* ListEntity+Extensions.swift in Sources */,
				E22E153024E0871D002A140E /* SMPPersistentContainer.swift in Sources */,
			);
			runOnlyForDeploymentPostprocessing = 0;
		};
		E235D80724E050CD007D95BE /* Sources */ = {
			isa = PBXSourcesBuildPhase;
			buildActionMask = 2147483647;
			files = (
				E22E152124E05BBC002A140E /* SMPList.swift in Sources */,
				E22E152D24E080A4002A140E /* SMP+CoreData.swift in Sources */,
				E27CDF5D24ECAB4D004B6A32 /* Simplists.xcdatamodeld in Sources */,
				E235D81724E050DC007D95BE /* SMPStorage.swift in Sources */,
				E235D81824E050DF007D95BE /* SMPListItem.swift in Sources */,
				E2AFBDC024F194CC008D9E3F /* SMPListSortOrderTransformer.swift in Sources */,
				E2AFBDBD24F1634E008D9E3F /* ListEntity+Extensions.swift in Sources */,
				E22E153124E0871D002A140E /* SMPPersistentContainer.swift in Sources */,
			);
			runOnlyForDeploymentPostprocessing = 0;
		};
/* End PBXSourcesBuildPhase section */

/* Begin PBXTargetDependency section */
		E235D7B724DF5B89007D95BE /* PBXTargetDependency */ = {
			isa = PBXTargetDependency;
			target = E235D7B324DF5B89007D95BE /* WatchApp Extension */;
			targetProxy = E235D7B624DF5B89007D95BE /* PBXContainerItemProxy */;
		};
		E235D7CD24DF5B89007D95BE /* PBXTargetDependency */ = {
			isa = PBXTargetDependency;
			platformFilter = ios;
			target = E235D7A724DF5B88007D95BE /* WatchApp */;
			targetProxy = E235D7CC24DF5B89007D95BE /* PBXContainerItemProxy */;
		};
		E235D7E924E037B9007D95BE /* PBXTargetDependency */ = {
			isa = PBXTargetDependency;
			target = E235D7E224E037B9007D95BE /* SimplistsKit */;
			targetProxy = E235D7E824E037B9007D95BE /* PBXContainerItemProxy */;
		};
		E235D81124E050CD007D95BE /* PBXTargetDependency */ = {
			isa = PBXTargetDependency;
			target = E235D80A24E050CD007D95BE /* SimplistsWatchKit */;
			targetProxy = E235D81024E050CD007D95BE /* PBXContainerItemProxy */;
		};
/* End PBXTargetDependency section */

/* Begin PBXVariantGroup section */
		E235D79D24DF5B5A007D95BE /* LaunchScreen.storyboard */ = {
			isa = PBXVariantGroup;
			children = (
				E235D79E24DF5B5A007D95BE /* Base */,
			);
			name = LaunchScreen.storyboard;
			sourceTree = "<group>";
		};
		E235D7AA24DF5B88007D95BE /* Interface.storyboard */ = {
			isa = PBXVariantGroup;
			children = (
				E235D7AB24DF5B88007D95BE /* Base */,
			);
			name = Interface.storyboard;
			sourceTree = "<group>";
		};
/* End PBXVariantGroup section */

/* Begin XCBuildConfiguration section */
		E235D7A124DF5B5A007D95BE /* Debug */ = {
			isa = XCBuildConfiguration;
			buildSettings = {
				ALWAYS_SEARCH_USER_PATHS = NO;
				CLANG_ANALYZER_NONNULL = YES;
				CLANG_ANALYZER_NUMBER_OBJECT_CONVERSION = YES_AGGRESSIVE;
				CLANG_CXX_LANGUAGE_STANDARD = "gnu++14";
				CLANG_CXX_LIBRARY = "libc++";
				CLANG_ENABLE_MODULES = YES;
				CLANG_ENABLE_OBJC_ARC = YES;
				CLANG_ENABLE_OBJC_WEAK = YES;
				CLANG_WARN_BLOCK_CAPTURE_AUTORELEASING = YES;
				CLANG_WARN_BOOL_CONVERSION = YES;
				CLANG_WARN_COMMA = YES;
				CLANG_WARN_CONSTANT_CONVERSION = YES;
				CLANG_WARN_DEPRECATED_OBJC_IMPLEMENTATIONS = YES;
				CLANG_WARN_DIRECT_OBJC_ISA_USAGE = YES_ERROR;
				CLANG_WARN_DOCUMENTATION_COMMENTS = YES;
				CLANG_WARN_EMPTY_BODY = YES;
				CLANG_WARN_ENUM_CONVERSION = YES;
				CLANG_WARN_INFINITE_RECURSION = YES;
				CLANG_WARN_INT_CONVERSION = YES;
				CLANG_WARN_NON_LITERAL_NULL_CONVERSION = YES;
				CLANG_WARN_OBJC_IMPLICIT_RETAIN_SELF = YES;
				CLANG_WARN_OBJC_LITERAL_CONVERSION = YES;
				CLANG_WARN_OBJC_ROOT_CLASS = YES_ERROR;
				CLANG_WARN_QUOTED_INCLUDE_IN_FRAMEWORK_HEADER = YES;
				CLANG_WARN_RANGE_LOOP_ANALYSIS = YES;
				CLANG_WARN_STRICT_PROTOTYPES = YES;
				CLANG_WARN_SUSPICIOUS_MOVE = YES;
				CLANG_WARN_UNGUARDED_AVAILABILITY = YES_AGGRESSIVE;
				CLANG_WARN_UNREACHABLE_CODE = YES;
				CLANG_WARN__DUPLICATE_METHOD_MATCH = YES;
				COPY_PHASE_STRIP = NO;
				DEBUG_INFORMATION_FORMAT = dwarf;
				ENABLE_STRICT_OBJC_MSGSEND = YES;
				ENABLE_TESTABILITY = YES;
				GCC_C_LANGUAGE_STANDARD = gnu11;
				GCC_DYNAMIC_NO_PIC = NO;
				GCC_NO_COMMON_BLOCKS = YES;
				GCC_OPTIMIZATION_LEVEL = 0;
				GCC_PREPROCESSOR_DEFINITIONS = (
					"DEBUG=1",
					"$(inherited)",
				);
				GCC_WARN_64_TO_32_BIT_CONVERSION = YES;
				GCC_WARN_ABOUT_RETURN_TYPE = YES_ERROR;
				GCC_WARN_UNDECLARED_SELECTOR = YES;
				GCC_WARN_UNINITIALIZED_AUTOS = YES_AGGRESSIVE;
				GCC_WARN_UNUSED_FUNCTION = YES;
				GCC_WARN_UNUSED_VARIABLE = YES;
				IPHONEOS_DEPLOYMENT_TARGET = 13.0;
				MTL_ENABLE_DEBUG_INFO = INCLUDE_SOURCE;
				MTL_FAST_MATH = YES;
				ONLY_ACTIVE_ARCH = YES;
				SDKROOT = iphoneos;
				SWIFT_ACTIVE_COMPILATION_CONDITIONS = DEBUG;
				SWIFT_OPTIMIZATION_LEVEL = "-Onone";
			};
			name = Debug;
		};
		E235D7A224DF5B5A007D95BE /* Release */ = {
			isa = XCBuildConfiguration;
			buildSettings = {
				ALWAYS_SEARCH_USER_PATHS = NO;
				CLANG_ANALYZER_NONNULL = YES;
				CLANG_ANALYZER_NUMBER_OBJECT_CONVERSION = YES_AGGRESSIVE;
				CLANG_CXX_LANGUAGE_STANDARD = "gnu++14";
				CLANG_CXX_LIBRARY = "libc++";
				CLANG_ENABLE_MODULES = YES;
				CLANG_ENABLE_OBJC_ARC = YES;
				CLANG_ENABLE_OBJC_WEAK = YES;
				CLANG_WARN_BLOCK_CAPTURE_AUTORELEASING = YES;
				CLANG_WARN_BOOL_CONVERSION = YES;
				CLANG_WARN_COMMA = YES;
				CLANG_WARN_CONSTANT_CONVERSION = YES;
				CLANG_WARN_DEPRECATED_OBJC_IMPLEMENTATIONS = YES;
				CLANG_WARN_DIRECT_OBJC_ISA_USAGE = YES_ERROR;
				CLANG_WARN_DOCUMENTATION_COMMENTS = YES;
				CLANG_WARN_EMPTY_BODY = YES;
				CLANG_WARN_ENUM_CONVERSION = YES;
				CLANG_WARN_INFINITE_RECURSION = YES;
				CLANG_WARN_INT_CONVERSION = YES;
				CLANG_WARN_NON_LITERAL_NULL_CONVERSION = YES;
				CLANG_WARN_OBJC_IMPLICIT_RETAIN_SELF = YES;
				CLANG_WARN_OBJC_LITERAL_CONVERSION = YES;
				CLANG_WARN_OBJC_ROOT_CLASS = YES_ERROR;
				CLANG_WARN_QUOTED_INCLUDE_IN_FRAMEWORK_HEADER = YES;
				CLANG_WARN_RANGE_LOOP_ANALYSIS = YES;
				CLANG_WARN_STRICT_PROTOTYPES = YES;
				CLANG_WARN_SUSPICIOUS_MOVE = YES;
				CLANG_WARN_UNGUARDED_AVAILABILITY = YES_AGGRESSIVE;
				CLANG_WARN_UNREACHABLE_CODE = YES;
				CLANG_WARN__DUPLICATE_METHOD_MATCH = YES;
				COPY_PHASE_STRIP = NO;
				DEBUG_INFORMATION_FORMAT = "dwarf-with-dsym";
				ENABLE_NS_ASSERTIONS = NO;
				ENABLE_STRICT_OBJC_MSGSEND = YES;
				GCC_C_LANGUAGE_STANDARD = gnu11;
				GCC_NO_COMMON_BLOCKS = YES;
				GCC_WARN_64_TO_32_BIT_CONVERSION = YES;
				GCC_WARN_ABOUT_RETURN_TYPE = YES_ERROR;
				GCC_WARN_UNDECLARED_SELECTOR = YES;
				GCC_WARN_UNINITIALIZED_AUTOS = YES_AGGRESSIVE;
				GCC_WARN_UNUSED_FUNCTION = YES;
				GCC_WARN_UNUSED_VARIABLE = YES;
				IPHONEOS_DEPLOYMENT_TARGET = 13.0;
				MTL_ENABLE_DEBUG_INFO = NO;
				MTL_FAST_MATH = YES;
				SDKROOT = iphoneos;
				SWIFT_COMPILATION_MODE = wholemodule;
				SWIFT_OPTIMIZATION_LEVEL = "-O";
				VALIDATE_PRODUCT = YES;
			};
			name = Release;
		};
		E235D7A424DF5B5A007D95BE /* Debug */ = {
			isa = XCBuildConfiguration;
			buildSettings = {
				ALWAYS_EMBED_SWIFT_STANDARD_LIBRARIES = YES;
				ASSETCATALOG_COMPILER_APPICON_NAME = AppIcon;
				ASSETCATALOG_COMPILER_GLOBAL_ACCENT_COLOR_NAME = AccentColor;
				CODE_SIGN_ENTITLEMENTS = Simplists/Simplists.entitlements;
				CODE_SIGN_STYLE = Automatic;
				CURRENT_PROJECT_VERSION = 1;
				DEVELOPMENT_ASSET_PATHS = Simplists/PreviewContent;
				DEVELOPMENT_TEAM = 25V97QMNV5;
				ENABLE_PREVIEWS = YES;
				INFOPLIST_FILE = Simplists/Info.plist;
				IPHONEOS_DEPLOYMENT_TARGET = 13.0;
				LD_RUNPATH_SEARCH_PATHS = (
					"$(inherited)",
					"@executable_path/Frameworks",
				);
				PRODUCT_BUNDLE_IDENTIFIER = com.sleekible.Simplists;
				PRODUCT_NAME = "$(TARGET_NAME)";
				SUPPORTS_MACCATALYST = YES;
				SWIFT_VERSION = 5.0;
				TARGETED_DEVICE_FAMILY = "1,2";
			};
			name = Debug;
		};
		E235D7A524DF5B5A007D95BE /* Release */ = {
			isa = XCBuildConfiguration;
			buildSettings = {
				ALWAYS_EMBED_SWIFT_STANDARD_LIBRARIES = YES;
				ASSETCATALOG_COMPILER_APPICON_NAME = AppIcon;
				ASSETCATALOG_COMPILER_GLOBAL_ACCENT_COLOR_NAME = AccentColor;
				CODE_SIGN_ENTITLEMENTS = Simplists/Simplists.entitlements;
				CODE_SIGN_STYLE = Automatic;
				CURRENT_PROJECT_VERSION = 1;
				DEVELOPMENT_ASSET_PATHS = Simplists/PreviewContent;
				DEVELOPMENT_TEAM = 25V97QMNV5;
				ENABLE_PREVIEWS = YES;
				INFOPLIST_FILE = Simplists/Info.plist;
				IPHONEOS_DEPLOYMENT_TARGET = 13.0;
				LD_RUNPATH_SEARCH_PATHS = (
					"$(inherited)",
					"@executable_path/Frameworks",
				);
				PRODUCT_BUNDLE_IDENTIFIER = com.sleekible.Simplists;
				PRODUCT_NAME = "$(TARGET_NAME)";
				SUPPORTS_MACCATALYST = YES;
				SWIFT_VERSION = 5.0;
				TARGETED_DEVICE_FAMILY = "1,2";
			};
			name = Release;
		};
		E235D7D024DF5B89007D95BE /* Debug */ = {
			isa = XCBuildConfiguration;
			buildSettings = {
				ASSETCATALOG_COMPILER_COMPLICATION_NAME = Complication;
				CODE_SIGN_ENTITLEMENTS = "WatchApp Extension/WatchApp Extension.entitlements";
				CODE_SIGN_STYLE = Automatic;
				CURRENT_PROJECT_VERSION = 1;
				DEVELOPMENT_ASSET_PATHS = "\"WatchApp Extension/Preview Content\"";
				DEVELOPMENT_TEAM = 25V97QMNV5;
				ENABLE_PREVIEWS = YES;
				INFOPLIST_FILE = "WatchApp Extension/Info.plist";
				LD_RUNPATH_SEARCH_PATHS = (
					"$(inherited)",
					"@executable_path/Frameworks",
					"@executable_path/../../Frameworks",
				);
				PRODUCT_BUNDLE_IDENTIFIER = com.sleekible.Simplists.watchkitapp.watchkitextension;
				PRODUCT_NAME = "${TARGET_NAME}";
				SDKROOT = watchos;
				SKIP_INSTALL = YES;
				SWIFT_VERSION = 5.0;
				TARGETED_DEVICE_FAMILY = 4;
				WATCHOS_DEPLOYMENT_TARGET = 6.0;
			};
			name = Debug;
		};
		E235D7D124DF5B89007D95BE /* Release */ = {
			isa = XCBuildConfiguration;
			buildSettings = {
				ASSETCATALOG_COMPILER_COMPLICATION_NAME = Complication;
				CODE_SIGN_ENTITLEMENTS = "WatchApp Extension/WatchApp Extension.entitlements";
				CODE_SIGN_STYLE = Automatic;
				CURRENT_PROJECT_VERSION = 1;
				DEVELOPMENT_ASSET_PATHS = "\"WatchApp Extension/Preview Content\"";
				DEVELOPMENT_TEAM = 25V97QMNV5;
				ENABLE_PREVIEWS = YES;
				INFOPLIST_FILE = "WatchApp Extension/Info.plist";
				LD_RUNPATH_SEARCH_PATHS = (
					"$(inherited)",
					"@executable_path/Frameworks",
					"@executable_path/../../Frameworks",
				);
				PRODUCT_BUNDLE_IDENTIFIER = com.sleekible.Simplists.watchkitapp.watchkitextension;
				PRODUCT_NAME = "${TARGET_NAME}";
				SDKROOT = watchos;
				SKIP_INSTALL = YES;
				SWIFT_VERSION = 5.0;
				TARGETED_DEVICE_FAMILY = 4;
				WATCHOS_DEPLOYMENT_TARGET = 6.0;
			};
			name = Release;
		};
		E235D7D424DF5B89007D95BE /* Debug */ = {
			isa = XCBuildConfiguration;
			buildSettings = {
				ALWAYS_EMBED_SWIFT_STANDARD_LIBRARIES = YES;
				ASSETCATALOG_COMPILER_APPICON_NAME = AppIcon;
				ASSETCATALOG_COMPILER_GLOBAL_ACCENT_COLOR_NAME = AccentColor;
				CODE_SIGN_STYLE = Automatic;
				CURRENT_PROJECT_VERSION = 1;
				DEVELOPMENT_TEAM = 25V97QMNV5;
				IBSC_MODULE = WatchApp_Extension;
				INFOPLIST_FILE = WatchApp/Info.plist;
				PRODUCT_BUNDLE_IDENTIFIER = com.sleekible.Simplists.watchkitapp;
				PRODUCT_NAME = "$(TARGET_NAME)";
				SDKROOT = watchos;
				SKIP_INSTALL = YES;
				SWIFT_VERSION = 5.0;
				TARGETED_DEVICE_FAMILY = 4;
				WATCHOS_DEPLOYMENT_TARGET = 6.0;
			};
			name = Debug;
		};
		E235D7D524DF5B89007D95BE /* Release */ = {
			isa = XCBuildConfiguration;
			buildSettings = {
				ALWAYS_EMBED_SWIFT_STANDARD_LIBRARIES = YES;
				ASSETCATALOG_COMPILER_APPICON_NAME = AppIcon;
				ASSETCATALOG_COMPILER_GLOBAL_ACCENT_COLOR_NAME = AccentColor;
				CODE_SIGN_STYLE = Automatic;
				CURRENT_PROJECT_VERSION = 1;
				DEVELOPMENT_TEAM = 25V97QMNV5;
				IBSC_MODULE = WatchApp_Extension;
				INFOPLIST_FILE = WatchApp/Info.plist;
				PRODUCT_BUNDLE_IDENTIFIER = com.sleekible.Simplists.watchkitapp;
				PRODUCT_NAME = "$(TARGET_NAME)";
				SDKROOT = watchos;
				SKIP_INSTALL = YES;
				SWIFT_VERSION = 5.0;
				TARGETED_DEVICE_FAMILY = 4;
				WATCHOS_DEPLOYMENT_TARGET = 6.0;
			};
			name = Release;
		};
		E235D7ED24E037B9007D95BE /* Debug */ = {
			isa = XCBuildConfiguration;
			buildSettings = {
				APPLICATION_EXTENSION_API_ONLY = YES;
				CLANG_ENABLE_MODULES = YES;
				CODE_SIGN_STYLE = Automatic;
				CURRENT_PROJECT_VERSION = 1;
				DEFINES_MODULE = YES;
				DEVELOPMENT_TEAM = 25V97QMNV5;
				DYLIB_COMPATIBILITY_VERSION = 1;
				DYLIB_CURRENT_VERSION = 1;
				DYLIB_INSTALL_NAME_BASE = "@rpath";
				INFOPLIST_FILE = SimplistsKit/Info.plist;
				INSTALL_PATH = "$(LOCAL_LIBRARY_DIR)/Frameworks";
				IPHONEOS_DEPLOYMENT_TARGET = 13.0;
				LD_RUNPATH_SEARCH_PATHS = (
					"$(inherited)",
					"@executable_path/Frameworks",
					"@loader_path/Frameworks",
				);
				PRODUCT_BUNDLE_IDENTIFIER = com.sleekible.SimplistsKit;
				PRODUCT_NAME = "$(TARGET_NAME:c99extidentifier)";
				SKIP_INSTALL = YES;
				SWIFT_OPTIMIZATION_LEVEL = "-Onone";
				SWIFT_VERSION = 5.0;
				TARGETED_DEVICE_FAMILY = "1,2";
				VERSIONING_SYSTEM = "apple-generic";
				VERSION_INFO_PREFIX = "";
			};
			name = Debug;
		};
		E235D7EE24E037B9007D95BE /* Release */ = {
			isa = XCBuildConfiguration;
			buildSettings = {
				APPLICATION_EXTENSION_API_ONLY = YES;
				CLANG_ENABLE_MODULES = YES;
				CODE_SIGN_STYLE = Automatic;
				CURRENT_PROJECT_VERSION = 1;
				DEFINES_MODULE = YES;
				DEVELOPMENT_TEAM = 25V97QMNV5;
				DYLIB_COMPATIBILITY_VERSION = 1;
				DYLIB_CURRENT_VERSION = 1;
				DYLIB_INSTALL_NAME_BASE = "@rpath";
				INFOPLIST_FILE = SimplistsKit/Info.plist;
				INSTALL_PATH = "$(LOCAL_LIBRARY_DIR)/Frameworks";
				IPHONEOS_DEPLOYMENT_TARGET = 13.0;
				LD_RUNPATH_SEARCH_PATHS = (
					"$(inherited)",
					"@executable_path/Frameworks",
					"@loader_path/Frameworks",
				);
				PRODUCT_BUNDLE_IDENTIFIER = com.sleekible.SimplistsKit;
				PRODUCT_NAME = "$(TARGET_NAME:c99extidentifier)";
				SKIP_INSTALL = YES;
				SWIFT_VERSION = 5.0;
				TARGETED_DEVICE_FAMILY = "1,2";
				VERSIONING_SYSTEM = "apple-generic";
				VERSION_INFO_PREFIX = "";
			};
			name = Release;
		};
		E235D81524E050CD007D95BE /* Debug */ = {
			isa = XCBuildConfiguration;
			buildSettings = {
				APPLICATION_EXTENSION_API_ONLY = YES;
				CODE_SIGN_STYLE = Automatic;
				CURRENT_PROJECT_VERSION = 1;
				DEFINES_MODULE = YES;
				DEVELOPMENT_TEAM = 25V97QMNV5;
				DYLIB_COMPATIBILITY_VERSION = 1;
				DYLIB_CURRENT_VERSION = 1;
				DYLIB_INSTALL_NAME_BASE = "@rpath";
				INFOPLIST_FILE = SimplistsWatchKit/Info.plist;
				INSTALL_PATH = "$(LOCAL_LIBRARY_DIR)/Frameworks";
				LD_RUNPATH_SEARCH_PATHS = (
					"$(inherited)",
					"@executable_path/Frameworks",
					"@loader_path/Frameworks",
				);
				PRODUCT_BUNDLE_IDENTIFIER = com.sleekible.SimplistsWatchKit;
				PRODUCT_NAME = "$(TARGET_NAME:c99extidentifier)";
				SDKROOT = watchos;
				SKIP_INSTALL = YES;
				SWIFT_VERSION = 5.0;
				TARGETED_DEVICE_FAMILY = 4;
				VERSIONING_SYSTEM = "apple-generic";
				VERSION_INFO_PREFIX = "";
				WATCHOS_DEPLOYMENT_TARGET = 6.0;
			};
			name = Debug;
		};
		E235D81624E050CD007D95BE /* Release */ = {
			isa = XCBuildConfiguration;
			buildSettings = {
				APPLICATION_EXTENSION_API_ONLY = YES;
				CODE_SIGN_STYLE = Automatic;
				CURRENT_PROJECT_VERSION = 1;
				DEFINES_MODULE = YES;
				DEVELOPMENT_TEAM = 25V97QMNV5;
				DYLIB_COMPATIBILITY_VERSION = 1;
				DYLIB_CURRENT_VERSION = 1;
				DYLIB_INSTALL_NAME_BASE = "@rpath";
				INFOPLIST_FILE = SimplistsWatchKit/Info.plist;
				INSTALL_PATH = "$(LOCAL_LIBRARY_DIR)/Frameworks";
				LD_RUNPATH_SEARCH_PATHS = (
					"$(inherited)",
					"@executable_path/Frameworks",
					"@loader_path/Frameworks",
				);
				PRODUCT_BUNDLE_IDENTIFIER = com.sleekible.SimplistsWatchKit;
				PRODUCT_NAME = "$(TARGET_NAME:c99extidentifier)";
				SDKROOT = watchos;
				SKIP_INSTALL = YES;
				SWIFT_VERSION = 5.0;
				TARGETED_DEVICE_FAMILY = 4;
				VERSIONING_SYSTEM = "apple-generic";
				VERSION_INFO_PREFIX = "";
				WATCHOS_DEPLOYMENT_TARGET = 6.0;
			};
			name = Release;
		};
/* End XCBuildConfiguration section */

/* Begin XCConfigurationList section */
		E235D78A24DF5B58007D95BE /* Build configuration list for PBXProject "Simplists" */ = {
			isa = XCConfigurationList;
			buildConfigurations = (
				E235D7A124DF5B5A007D95BE /* Debug */,
				E235D7A224DF5B5A007D95BE /* Release */,
			);
			defaultConfigurationIsVisible = 0;
			defaultConfigurationName = Release;
		};
		E235D7A324DF5B5A007D95BE /* Build configuration list for PBXNativeTarget "Simplists" */ = {
			isa = XCConfigurationList;
			buildConfigurations = (
				E235D7A424DF5B5A007D95BE /* Debug */,
				E235D7A524DF5B5A007D95BE /* Release */,
			);
			defaultConfigurationIsVisible = 0;
			defaultConfigurationName = Release;
		};
		E235D7CF24DF5B89007D95BE /* Build configuration list for PBXNativeTarget "WatchApp Extension" */ = {
			isa = XCConfigurationList;
			buildConfigurations = (
				E235D7D024DF5B89007D95BE /* Debug */,
				E235D7D124DF5B89007D95BE /* Release */,
			);
			defaultConfigurationIsVisible = 0;
			defaultConfigurationName = Release;
		};
		E235D7D324DF5B89007D95BE /* Build configuration list for PBXNativeTarget "WatchApp" */ = {
			isa = XCConfigurationList;
			buildConfigurations = (
				E235D7D424DF5B89007D95BE /* Debug */,
				E235D7D524DF5B89007D95BE /* Release */,
			);
			defaultConfigurationIsVisible = 0;
			defaultConfigurationName = Release;
		};
		E235D7EC24E037B9007D95BE /* Build configuration list for PBXNativeTarget "SimplistsKit" */ = {
			isa = XCConfigurationList;
			buildConfigurations = (
				E235D7ED24E037B9007D95BE /* Debug */,
				E235D7EE24E037B9007D95BE /* Release */,
			);
			defaultConfigurationIsVisible = 0;
			defaultConfigurationName = Release;
		};
		E235D81424E050CD007D95BE /* Build configuration list for PBXNativeTarget "SimplistsWatchKit" */ = {
			isa = XCConfigurationList;
			buildConfigurations = (
				E235D81524E050CD007D95BE /* Debug */,
				E235D81624E050CD007D95BE /* Release */,
			);
			defaultConfigurationIsVisible = 0;
			defaultConfigurationName = Release;
		};
/* End XCConfigurationList section */

/* Begin XCVersionGroup section */
		E27CDF5A24ECA7BC004B6A32 /* Simplists.xcdatamodeld */ = {
			isa = XCVersionGroup;
			children = (
				E27CDF5B24ECA7BC004B6A32 /* Simplists.xcdatamodel */,
			);
			currentVersion = E27CDF5B24ECA7BC004B6A32 /* Simplists.xcdatamodel */;
			path = Simplists.xcdatamodeld;
			sourceTree = "<group>";
			versionGroupType = wrapper.xcdatamodel;
		};
/* End XCVersionGroup section */
	};
	rootObject = E235D78724DF5B58007D95BE /* Project object */;
}
